// !$*UTF8*$!
{
	archiveVersion = 1;
	classes = {
	};
	objectVersion = 56;
	objects = {

/* Begin PBXBuildFile section */
		01A000000000000000000001 /* ClipShotApp.swift in Sources */ = {isa = PBXBuildFile; fileRef = 01B000000000000000000001 /* ClipShotApp.swift */; };
		01A000000000000000000002 /* AppDelegate.swift in Sources */ = {isa = PBXBuildFile; fileRef = 01B000000000000000000002 /* AppDelegate.swift */; };
		01A000000000000000000003 /* AppState.swift in Sources */ = {isa = PBXBuildFile; fileRef = 01B000000000000000000003 /* AppState.swift */; };
		01A000000000000000000006 /* CaptureCoordinator.swift in Sources */ = {isa = PBXBuildFile; fileRef = 01B000000000000000000006 /* CaptureCoordinator.swift */; };
		01A00000000000000000000C /* MenuContentView.swift in Sources */ = {isa = PBXBuildFile; fileRef = 01B00000000000000000000C /* MenuContentView.swift */; };
		01A00000000000000000000F /* DOMCaptureBridgeServer.swift in Sources */ = {isa = PBXBuildFile; fileRef = 01B000000000000000000010 /* DOMCaptureBridgeServer.swift */; };
		01A000000000000000000011 /* DOMCaptureModels.swift in Sources */ = {isa = PBXBuildFile; fileRef = 01B000000000000000000011 /* DOMCaptureModels.swift */; };
		01A000000000000000000012 /* EditorWindowController.swift in Sources */ = {isa = PBXBuildFile; fileRef = 01B000000000000000000012 /* EditorWindowController.swift */; };
		01A000000000000000000013 /* EditorView.swift in Sources */ = {isa = PBXBuildFile; fileRef = 01B000000000000000000013 /* EditorView.swift */; };
		01A000000000000000000101 /* PixelBuffer.swift in Sources */ = {isa = PBXBuildFile; fileRef = 01B000000000000000000101 /* PixelBuffer.swift */; };
		01A000000000000000000102 /* SanityTest.swift in Sources */ = {isa = PBXBuildFile; fileRef = 01B000000000000000000102 /* SanityTest.swift */; };
/* End PBXBuildFile section */

/* Begin PBXFileReference section */
		01B000000000000000000000 /* ClipShot.app */ = {isa = PBXFileReference; explicitFileType = wrapper.application; includeInIndex = 0; path = ClipShot.app; sourceTree = BUILT_PRODUCTS_DIR; };
		01B000000000000000000001 /* ClipShotApp.swift */ = {isa = PBXFileReference; lastKnownFileType = sourcecode.swift; path = ClipShotApp.swift; sourceTree = "<group>"; };
		01B000000000000000000002 /* AppDelegate.swift */ = {isa = PBXFileReference; lastKnownFileType = sourcecode.swift; path = AppDelegate.swift; sourceTree = "<group>"; };
		01B000000000000000000003 /* AppState.swift */ = {isa = PBXFileReference; lastKnownFileType = sourcecode.swift; path = AppState.swift; sourceTree = "<group>"; };
		01B000000000000000000006 /* CaptureCoordinator.swift */ = {isa = PBXFileReference; lastKnownFileType = sourcecode.swift; path = CaptureCoordinator.swift; sourceTree = "<group>"; };
		01B00000000000000000000C /* MenuContentView.swift */ = {isa = PBXFileReference; lastKnownFileType = sourcecode.swift; path = MenuContentView.swift; sourceTree = "<group>"; };
		01B00000000000000000000F /* Info.plist */ = {isa = PBXFileReference; lastKnownFileType = text.plist.xml; path = Info.plist; sourceTree = "<group>"; };
		01B000000000000000000010 /* DOMCaptureBridgeServer.swift */ = {isa = PBXFileReference; lastKnownFileType = sourcecode.swift; path = DOMCaptureBridgeServer.swift; sourceTree = "<group>"; };
		01B000000000000000000011 /* DOMCaptureModels.swift */ = {isa = PBXFileReference; lastKnownFileType = sourcecode.swift; path = DOMCaptureModels.swift; sourceTree = "<group>"; };
		01B000000000000000000012 /* EditorWindowController.swift */ = {isa = PBXFileReference; lastKnownFileType = sourcecode.swift; path = EditorWindowController.swift; sourceTree = "<group>"; };
		01B000000000000000000013 /* EditorView.swift */ = {isa = PBXFileReference; lastKnownFileType = sourcecode.swift; path = EditorView.swift; sourceTree = "<group>"; };
		01B000000000000000000100 /* ClipShotTests.xctest */ = {isa = PBXFileReference; explicitFileType = wrapper.cfbundle; includeInIndex = 0; path = ClipShotTests.xctest; sourceTree = BUILT_PRODUCTS_DIR; };
		01B000000000000000000101 /* PixelBuffer.swift */ = {isa = PBXFileReference; lastKnownFileType = sourcecode.swift; path = PixelBuffer.swift; sourceTree = "<group>"; };
		01B000000000000000000102 /* SanityTest.swift */ = {isa = PBXFileReference; lastKnownFileType = sourcecode.swift; path = SanityTest.swift; sourceTree = "<group>"; };
		01B000000000000000000201 /* EditorDocument.swift */ = {isa = PBXFileReference; lastKnownFileType = sourcecode.swift; path = EditorDocument.swift; sourceTree = "<group>"; };
		01B000000000000000000202 /* PaddingConfig.swift */ = {isa = PBXFileReference; lastKnownFileType = sourcecode.swift; path = PaddingConfig.swift; sourceTree = "<group>"; };
		01B000000000000000000203 /* BackgroundStyle.swift */ = {isa = PBXFileReference; lastKnownFileType = sourcecode.swift; path = BackgroundStyle.swift; sourceTree = "<group>"; };
		01B000000000000000000204 /* Annotation.swift */ = {isa = PBXFileReference; lastKnownFileType = sourcecode.swift; path = Annotation.swift; sourceTree = "<group>"; };
		01B000000000000000000205 /* EditorCommand.swift */ = {isa = PBXFileReference; lastKnownFileType = sourcecode.swift; path = EditorCommand.swift; sourceTree = "<group>"; };
		01B000000000000000000206 /* UndoStack.swift */ = {isa = PBXFileReference; lastKnownFileType = sourcecode.swift; path = UndoStack.swift; sourceTree = "<group>"; };
		01B000000000000000000207 /* EditorState.swift */ = {isa = PBXFileReference; lastKnownFileType = sourcecode.swift; path = EditorState.swift; sourceTree = "<group>"; };
		01B000000000000000000208 /* DocumentRenderer.swift */ = {isa = PBXFileReference; lastKnownFileType = sourcecode.swift; path = DocumentRenderer.swift; sourceTree = "<group>"; };
		01B000000000000000000209 /* CanvasContentView.swift */ = {isa = PBXFileReference; lastKnownFileType = sourcecode.swift; path = CanvasContentView.swift; sourceTree = "<group>"; };
		01B00000000000000000020A /* CanvasOverlayView.swift */ = {isa = PBXFileReference; lastKnownFileType = sourcecode.swift; path = CanvasOverlayView.swift; sourceTree = "<group>"; };
		01B00000000000000000020B /* CanvasScrollView.swift */ = {isa = PBXFileReference; lastKnownFileType = sourcecode.swift; path = CanvasScrollView.swift; sourceTree = "<group>"; };
		01B00000000000000000020C /* CanvasCoordinator.swift */ = {isa = PBXFileReference; lastKnownFileType = sourcecode.swift; path = CanvasCoordinator.swift; sourceTree = "<group>"; };
		01B00000000000000000020D /* CanvasView.swift */ = {isa = PBXFileReference; lastKnownFileType = sourcecode.swift; path = CanvasView.swift; sourceTree = "<group>"; };
		01B00000000000000000020E /* BottomBarView.swift */ = {isa = PBXFileReference; lastKnownFileType = sourcecode.swift; path = BottomBarView.swift; sourceTree = "<group>"; };
		01B00000000000000000020F /* ToolSidebarView.swift */ = {isa = PBXFileReference; lastKnownFileType = sourcecode.swift; path = ToolSidebarView.swift; sourceTree = "<group>"; };
		01B000000000000000000301 /* EditorDocumentTests.swift */ = {isa = PBXFileReference; lastKnownFileType = sourcecode.swift; path = EditorDocumentTests.swift; sourceTree = "<group>"; };
		01B000000000000000000302 /* UndoStackTests.swift */ = {isa = PBXFileReference; lastKnownFileType = sourcecode.swift; path = UndoStackTests.swift; sourceTree = "<group>"; };
		01B000000000000000000303 /* FixtureDocument.swift */ = {isa = PBXFileReference; lastKnownFileType = sourcecode.swift; path = FixtureDocument.swift; sourceTree = "<group>"; };
		01B000000000000000000304 /* DocumentRendererTests.swift */ = {isa = PBXFileReference; lastKnownFileType = sourcecode.swift; path = DocumentRendererTests.swift; sourceTree = "<group>"; };
/* End PBXFileReference section */

/* Begin PBXFrameworksBuildPhase section */
		01C000000000000000000001 /* Frameworks */ = {
			isa = PBXFrameworksBuildPhase;
			buildActionMask = 2147483647;
			files = (
			);
			runOnlyForDeploymentPostprocessing = 0;
		};
/* End PBXFrameworksBuildPhase section */

/* Begin PBXGroup section */
		01D000000000000000000001 = {
			isa = PBXGroup;
			children = (
				01D000000000000000000003 /* ClipShot */,
				01D000000000000000000100 /* ClipShotTests */,
				01D000000000000000000002 /* Products */,
			);
			sourceTree = "<group>";
		};
		01D000000000000000000002 /* Products */ = {
			isa = PBXGroup;
			children = (
				01B000000000000000000000 /* ClipShot.app */,
				01B000000000000000000100 /* ClipShotTests.xctest */,
			);
			name = Products;
			sourceTree = "<group>";
		};
		01D000000000000000000100 /* ClipShotTests */ = {
			isa = PBXGroup;
			children = (
				01D000000000000000000101 /* Helpers */,
				01B000000000000000000102 /* SanityTest.swift */,
				01B000000000000000000301 /* EditorDocumentTests.swift */,
				01B000000000000000000302 /* UndoStackTests.swift */,
				01B000000000000000000304 /* DocumentRendererTests.swift */,
			);
			path = ClipShotTests;
			sourceTree = "<group>";
		};
		01D000000000000000000101 /* Helpers */ = {
			isa = PBXGroup;
			children = (
				01B000000000000000000101 /* PixelBuffer.swift */,
				01B000000000000000000303 /* FixtureDocument.swift */,
			);
			path = Helpers;
			sourceTree = "<group>";
		};
		01D000000000000000000003 /* ClipShot */ = {
			isa = PBXGroup;
			children = (
				01B00000000000000000000F /* Info.plist */,
				01B000000000000000000001 /* ClipShotApp.swift */,
				01B000000000000000000002 /* AppDelegate.swift */,
				01B000000000000000000003 /* AppState.swift */,
				01B000000000000000000006 /* CaptureCoordinator.swift */,
				01D000000000000000000200 /* Editor */,
				01D000000000000000000009 /* DOM */,
				01D000000000000000000007 /* UI */,
			);
			path = ClipShot;
			sourceTree = "<group>";
		};
		01D000000000000000000200 /* Editor */ = {
			isa = PBXGroup;
			children = (
				01D000000000000000000201 /* Document */,
				01D000000000000000000202 /* Canvas */,
				01D000000000000000000203 /* Toolbar */,
				01D000000000000000000204 /* Tools */,
				01D000000000000000000205 /* Export */,
				01B000000000000000000207 /* EditorState.swift */,
			);
			path = Editor;
			sourceTree = "<group>";
		};
		01D000000000000000000201 /* Document */ = {
			isa = PBXGroup;
			children = (
				01B000000000000000000201 /* EditorDocument.swift */,
				01B000000000000000000202 /* PaddingConfig.swift */,
				01B000000000000000000203 /* BackgroundStyle.swift */,
				01B000000000000000000204 /* Annotation.swift */,
				01B000000000000000000205 /* EditorCommand.swift */,
				01B000000000000000000206 /* UndoStack.swift */,
			);
			path = Document;
			sourceTree = "<group>";
		};
		01D000000000000000000202 /* Canvas */ = {
			isa = PBXGroup;
			children = (
				01B000000000000000000209 /* CanvasContentView.swift */,
				01B00000000000000000020A /* CanvasOverlayView.swift */,
				01B00000000000000000020B /* CanvasScrollView.swift */,
				01B00000000000000000020C /* CanvasCoordinator.swift */,
				01B00000000000000000020D /* CanvasView.swift */,
			);
			path = Canvas;
			sourceTree = "<group>";
		};
		01D000000000000000000203 /* Toolbar */ = {
			isa = PBXGroup;
			children = (
				01B00000000000000000020E /* BottomBarView.swift */,
			);
			path = Toolbar;
			sourceTree = "<group>";
		};
		01D000000000000000000204 /* Tools */ = {
			isa = PBXGroup;
			children = (
				01B00000000000000000020F /* ToolSidebarView.swift */,
			);
			path = Tools;
			sourceTree = "<group>";
		};
		01D000000000000000000205 /* Export */ = {
			isa = PBXGroup;
			children = (
				01B000000000000000000208 /* DocumentRenderer.swift */,
			);
			path = Export;
			sourceTree = "<group>";
		};
		01D000000000000000000009 /* DOM */ = {
			isa = PBXGroup;
			children = (
				01B000000000000000000010 /* DOMCaptureBridgeServer.swift */,
				01B000000000000000000011 /* DOMCaptureModels.swift */,
			);
			path = DOM;
			sourceTree = "<group>";
		};
		01D000000000000000000007 /* UI */ = {
			isa = PBXGroup;
			children = (
				01B00000000000000000000C /* MenuContentView.swift */,
				01B000000000000000000012 /* EditorWindowController.swift */,
				01B000000000000000000013 /* EditorView.swift */,
			);
			path = UI;
			sourceTree = "<group>";
		};
/* End PBXGroup section */

/* Begin PBXNativeTarget section */
		01E000000000000000000001 /* ClipShot */ = {
			isa = PBXNativeTarget;
			buildConfigurationList = 01I000000000000000000002 /* Build configuration list for PBXNativeTarget "ClipShot" */;
			buildPhases = (
				01G000000000000000000001 /* Sources */,
				01C000000000000000000001 /* Frameworks */,
				01H000000000000000000001 /* Resources */,
			);
			buildRules = (
			);
			dependencies = (
			);
			name = ClipShot;
			productName = ClipShot;
			productReference = 01B000000000000000000000 /* ClipShot.app */;
			productType = "com.apple.product-type.application";
		};
		01E000000000000000000100 /* ClipShotTests */ = {
			isa = PBXNativeTarget;
			buildConfigurationList = 01I000000000000000000100 /* Build configuration list for PBXNativeTarget "ClipShotTests" */;
			buildPhases = (
				01G000000000000000000100 /* Sources */,
			);
			buildRules = (
			);
			dependencies = (
				01K000000000000000000100 /* PBXTargetDependency */,
			);
			name = ClipShotTests;
			productName = ClipShotTests;
			productReference = 01B000000000000000000100 /* ClipShotTests.xctest */;
			productType = "com.apple.product-type.bundle.unit-test";
		};
/* End PBXNativeTarget section */

/* Begin PBXProject section */
		01F000000000000000000001 /* Project object */ = {
			isa = PBXProject;
			attributes = {
				BuildIndependentTargetsInParallel = 1;
				LastSwiftUpdateCheck = 2650;
				LastUpgradeCheck = 2650;
				TargetAttributes = {
					01E000000000000000000001 = {
						CreatedOnToolsVersion = 26.5;
					};
					01E000000000000000000100 = {
						CreatedOnToolsVersion = 26.5;
						TestTargetID = 01E000000000000000000001;
					};
				};
			};
			buildConfigurationList = 01I000000000000000000001 /* Build configuration list for PBXProject "ClipShot" */;
			compatibilityVersion = "Xcode 14.0";
			developmentRegion = en;
			hasScannedForEncodings = 0;
			knownRegions = (
				en,
				Base,
			);
			mainGroup = 01D000000000000000000001;
			productRefGroup = 01D000000000000000000002 /* Products */;
			projectDirPath = "";
			projectRoot = "";
			targets = (
				01E000000000000000000001 /* ClipShot */,
				01E000000000000000000100 /* ClipShotTests */,
			);
		};
/* End PBXProject section */

/* Begin PBXResourcesBuildPhase section */
		01H000000000000000000001 /* Resources */ = {
			isa = PBXResourcesBuildPhase;
			buildActionMask = 2147483647;
			files = (
			);
			runOnlyForDeploymentPostprocessing = 0;
		};
/* End PBXResourcesBuildPhase section */

/* Begin PBXSourcesBuildPhase section */
		01G000000000000000000001 /* Sources */ = {
			isa = PBXSourcesBuildPhase;
			buildActionMask = 2147483647;
			files = (
				01A000000000000000000001 /* ClipShotApp.swift in Sources */,
				01A000000000000000000002 /* AppDelegate.swift in Sources */,
				01A000000000000000000003 /* AppState.swift in Sources */,
				01A000000000000000000006 /* CaptureCoordinator.swift in Sources */,
				01A00000000000000000000C /* MenuContentView.swift in Sources */,
				01A00000000000000000000F /* DOMCaptureBridgeServer.swift in Sources */,
				01A000000000000000000011 /* DOMCaptureModels.swift in Sources */,
				01A000000000000000000012 /* EditorWindowController.swift in Sources */,
				01A000000000000000000013 /* EditorView.swift in Sources */,
			);
			runOnlyForDeploymentPostprocessing = 0;
		};
		01G000000000000000000100 /* Sources */ = {
			isa = PBXSourcesBuildPhase;
			buildActionMask = 2147483647;
			files = (
				01A000000000000000000101 /* PixelBuffer.swift in Sources */,
				01A000000000000000000102 /* SanityTest.swift in Sources */,
			);
			runOnlyForDeploymentPostprocessing = 0;
		};
/* End PBXSourcesBuildPhase section */

/* Begin PBXContainerItemProxy section */
		01L000000000000000000100 /* PBXContainerItemProxy */ = {
			isa = PBXContainerItemProxy;
			containerPortal = 01F000000000000000000001 /* Project object */;
			proxyType = 1;
			remoteGlobalIDString = 01E000000000000000000001;
			remoteInfo = ClipShot;
		};
/* End PBXContainerItemProxy section */

/* Begin PBXTargetDependency section */
		01K000000000000000000100 /* PBXTargetDependency */ = {
			isa = PBXTargetDependency;
			target = 01E000000000000000000001 /* ClipShot */;
			targetProxy = 01L000000000000000000100 /* PBXContainerItemProxy */;
		};
/* End PBXTargetDependency section */

/* Begin XCBuildConfiguration section */
		01J000000000000000000001 /* Debug */ = {
			isa = XCBuildConfiguration;
			buildSettings = {
				ALWAYS_SEARCH_USER_PATHS = NO;
				CLANG_ANALYZER_NONNULL = YES;
				CLANG_ANALYZER_NUMBER_OBJECT_CONVERSION = YES_AGGRESSIVE;
				CLANG_CXX_LANGUAGE_STANDARD = "gnu++20";
				CLANG_ENABLE_MODULES = YES;
				CLANG_ENABLE_OBJC_ARC = YES;
				CLANG_ENABLE_OBJC_WEAK = YES;
				CLANG_WARN_BLOCK_CAPTURE_AUTORELEASING = YES;
				CLANG_WARN_BOOL_CONVERSION = YES;
				CLANG_WARN_COMMA = YES;
				CLANG_WARN_CONSTANT_CONVERSION = YES;
				CLANG_WARN_DEPRECATED_OBJC_IMPLEMENTATIONS = YES;
				CLANG_WARN_DIRECT_OBJC_ISA_USAGE = YES_ERROR;
				CLANG_WARN_DOCUMENTATION_COMMENTS = YES;
				CLANG_WARN_EMPTY_BODY = YES;
				CLANG_WARN_ENUM_CONVERSION = YES;
				CLANG_WARN_INFINITE_RECURSION = YES;
				CLANG_WARN_INT_CONVERSION = YES;
				CLANG_WARN_NON_LITERAL_NULL_CONVERSION = YES;
				CLANG_WARN_OBJC_IMPLICIT_RETAIN_SELF = YES;
				CLANG_WARN_OBJC_LITERAL_CONVERSION = YES;
				CLANG_WARN_OBJC_ROOT_CLASS = YES_ERROR;
				CLANG_WARN_QUOTED_INCLUDE_IN_FRAMEWORK_HEADER = YES;
				CLANG_WARN_RANGE_LOOP_ANALYSIS = YES;
				CLANG_WARN_STRICT_PROTOTYPES = YES;
				CLANG_WARN_SUSPICIOUS_MOVE = YES;
				CLANG_WARN_UNGUARDED_AVAILABILITY = YES_AGGRESSIVE;
				CLANG_WARN_UNREACHABLE_CODE = YES;
				CLANG_WARN__DUPLICATE_METHOD_MATCH = YES;
				COPY_PHASE_STRIP = NO;
				DEBUG_INFORMATION_FORMAT = dwarf;
				ENABLE_STRICT_OBJC_MSGSEND = YES;
				ENABLE_TESTABILITY = YES;
				ENABLE_USER_SCRIPT_SANDBOXING = YES;
				GCC_C_LANGUAGE_STANDARD = gnu17;
				GCC_DYNAMIC_NO_PIC = NO;
				GCC_NO_COMMON_BLOCKS = YES;
				GCC_OPTIMIZATION_LEVEL = 0;
				GCC_PREPROCESSOR_DEFINITIONS = (
					"DEBUG=1",
					"$(inherited)",
				);
				GCC_WARN_64_TO_32_BIT_CONVERSION = YES;
				GCC_WARN_ABOUT_RETURN_TYPE = YES_ERROR;
				GCC_WARN_UNDECLARED_SELECTOR = YES;
				GCC_WARN_UNINITIALIZED_AUTOS = YES_AGGRESSIVE;
				GCC_WARN_UNUSED_FUNCTION = YES;
				GCC_WARN_UNUSED_VARIABLE = YES;
				MACOSX_DEPLOYMENT_TARGET = 14.0;
				MTL_ENABLE_DEBUG_INFO = INCLUDE_SOURCE;
				MTL_FAST_MATH = YES;
				ONLY_ACTIVE_ARCH = YES;
				SDKROOT = macosx;
				SWIFT_ACTIVE_COMPILATION_CONDITIONS = "DEBUG $(inherited)";
				SWIFT_OPTIMIZATION_LEVEL = "-Onone";
			};
			name = Debug;
		};
		01J000000000000000000002 /* Release */ = {
			isa = XCBuildConfiguration;
			buildSettings = {
				ALWAYS_SEARCH_USER_PATHS = NO;
				CLANG_ANALYZER_NONNULL = YES;
				CLANG_ANALYZER_NUMBER_OBJECT_CONVERSION = YES_AGGRESSIVE;
				CLANG_CXX_LANGUAGE_STANDARD = "gnu++20";
				CLANG_ENABLE_MODULES = YES;
				CLANG_ENABLE_OBJC_ARC = YES;
				CLANG_ENABLE_OBJC_WEAK = YES;
				CLANG_WARN_BLOCK_CAPTURE_AUTORELEASING = YES;
				CLANG_WARN_BOOL_CONVERSION = YES;
				CLANG_WARN_COMMA = YES;
				CLANG_WARN_CONSTANT_CONVERSION = YES;
				CLANG_WARN_DEPRECATED_OBJC_IMPLEMENTATIONS = YES;
				CLANG_WARN_DIRECT_OBJC_ISA_USAGE = YES_ERROR;
				CLANG_WARN_DOCUMENTATION_COMMENTS = YES;
				CLANG_WARN_EMPTY_BODY = YES;
				CLANG_WARN_ENUM_CONVERSION = YES;
				CLANG_WARN_INFINITE_RECURSION = YES;
				CLANG_WARN_INT_CONVERSION = YES;
				CLANG_WARN_NON_LITERAL_NULL_CONVERSION = YES;
				CLANG_WARN_OBJC_IMPLICIT_RETAIN_SELF = YES;
				CLANG_WARN_OBJC_LITERAL_CONVERSION = YES;
				CLANG_WARN_OBJC_ROOT_CLASS = YES_ERROR;
				CLANG_WARN_QUOTED_INCLUDE_IN_FRAMEWORK_HEADER = YES;
				CLANG_WARN_RANGE_LOOP_ANALYSIS = YES;
				CLANG_WARN_STRICT_PROTOTYPES = YES;
				CLANG_WARN_SUSPICIOUS_MOVE = YES;
				CLANG_WARN_UNGUARDED_AVAILABILITY = YES_AGGRESSIVE;
				CLANG_WARN_UNREACHABLE_CODE = YES;
				CLANG_WARN__DUPLICATE_METHOD_MATCH = YES;
				COPY_PHASE_STRIP = NO;
				DEBUG_INFORMATION_FORMAT = "dwarf-with-dsym";
				ENABLE_NS_ASSERTIONS = NO;
				ENABLE_STRICT_OBJC_MSGSEND = YES;
				ENABLE_USER_SCRIPT_SANDBOXING = YES;
				GCC_C_LANGUAGE_STANDARD = gnu17;
				GCC_NO_COMMON_BLOCKS = YES;
				GCC_WARN_64_TO_32_BIT_CONVERSION = YES;
				GCC_WARN_ABOUT_RETURN_TYPE = YES_ERROR;
				GCC_WARN_UNDECLARED_SELECTOR = YES;
				GCC_WARN_UNINITIALIZED_AUTOS = YES_AGGRESSIVE;
				GCC_WARN_UNUSED_FUNCTION = YES;
				GCC_WARN_UNUSED_VARIABLE = YES;
				MACOSX_DEPLOYMENT_TARGET = 14.0;
				MTL_ENABLE_DEBUG_INFO = NO;
				MTL_FAST_MATH = YES;
				SDKROOT = macosx;
				SWIFT_COMPILATION_MODE = wholemodule;
				SWIFT_OPTIMIZATION_LEVEL = "-O";
			};
			name = Release;
		};
		01J000000000000000000003 /* Debug */ = {
			isa = XCBuildConfiguration;
			buildSettings = {
				ASSETCATALOG_COMPILER_APPICON_NAME = "";
				CODE_SIGN_IDENTITY = "-";
				CODE_SIGN_STYLE = Manual;
				COMBINE_HIDPI_IMAGES = YES;
				CURRENT_PROJECT_VERSION = 1;
				DEVELOPMENT_TEAM = "";
				ENABLE_HARDENED_RUNTIME = NO;
				GENERATE_INFOPLIST_FILE = NO;
				INFOPLIST_FILE = ClipShot/Info.plist;
				LD_RUNPATH_SEARCH_PATHS = (
					"$(inherited)",
					"@executable_path/../Frameworks",
				);
				MARKETING_VERSION = 0.1.0;
				PRODUCT_BUNDLE_IDENTIFIER = com.ishu.ClipShot;
				PRODUCT_NAME = "$(TARGET_NAME)";
				SWIFT_VERSION = 6.0;
			};
			name = Debug;
		};
		01J000000000000000000004 /* Release */ = {
			isa = XCBuildConfiguration;
			buildSettings = {
				ASSETCATALOG_COMPILER_APPICON_NAME = "";
				CODE_SIGN_IDENTITY = "-";
				CODE_SIGN_STYLE = Manual;
				COMBINE_HIDPI_IMAGES = YES;
				CURRENT_PROJECT_VERSION = 1;
				DEVELOPMENT_TEAM = "";
				ENABLE_HARDENED_RUNTIME = NO;
				GENERATE_INFOPLIST_FILE = NO;
				INFOPLIST_FILE = ClipShot/Info.plist;
				LD_RUNPATH_SEARCH_PATHS = (
					"$(inherited)",
					"@executable_path/../Frameworks",
				);
				MARKETING_VERSION = 0.1.0;
				PRODUCT_BUNDLE_IDENTIFIER = com.ishu.ClipShot;
				PRODUCT_NAME = "$(TARGET_NAME)";
				SWIFT_VERSION = 6.0;
			};
			name = Release;
		};
		01J000000000000000000100 /* Debug */ = {
			isa = XCBuildConfiguration;
			buildSettings = {
				BUNDLE_LOADER = "$(TEST_HOST)";
				CODE_SIGN_IDENTITY = "-";
				CODE_SIGN_STYLE = Manual;
				DEVELOPMENT_TEAM = "";
				GENERATE_INFOPLIST_FILE = YES;
				MACOSX_DEPLOYMENT_TARGET = 14.0;
				PRODUCT_BUNDLE_IDENTIFIER = com.ishu.ClipShotTests;
				PRODUCT_NAME = "$(TARGET_NAME)";
				SDKROOT = macosx;
				SWIFT_VERSION = 6.0;
				TEST_HOST = "$(BUILT_PRODUCTS_DIR)/ClipShot.app/Contents/MacOS/ClipShot";
			};
			name = Debug;
		};
		01J000000000000000000101 /* Release */ = {
			isa = XCBuildConfiguration;
			buildSettings = {
				BUNDLE_LOADER = "$(TEST_HOST)";
				CODE_SIGN_IDENTITY = "-";
				CODE_SIGN_STYLE = Manual;
				DEVELOPMENT_TEAM = "";
				GENERATE_INFOPLIST_FILE = YES;
				MACOSX_DEPLOYMENT_TARGET = 14.0;
				PRODUCT_BUNDLE_IDENTIFIER = com.ishu.ClipShotTests;
				PRODUCT_NAME = "$(TARGET_NAME)";
				SDKROOT = macosx;
				SWIFT_VERSION = 6.0;
				TEST_HOST = "$(BUILT_PRODUCTS_DIR)/ClipShot.app/Contents/MacOS/ClipShot";
			};
			name = Release;
		};
/* End XCBuildConfiguration section */

/* Begin XCConfigurationList section */
		01I000000000000000000001 /* Build configuration list for PBXProject "ClipShot" */ = {
			isa = XCConfigurationList;
			buildConfigurations = (
				01J000000000000000000001 /* Debug */,
				01J000000000000000000002 /* Release */,
			);
			defaultConfigurationIsVisible = 0;
			defaultConfigurationName = Release;
		};
		01I000000000000000000002 /* Build configuration list for PBXNativeTarget "ClipShot" */ = {
			isa = XCConfigurationList;
			buildConfigurations = (
				01J000000000000000000003 /* Debug */,
				01J000000000000000000004 /* Release */,
			);
			defaultConfigurationIsVisible = 0;
			defaultConfigurationName = Release;
		};
		01I000000000000000000100 /* Build configuration list for PBXNativeTarget "ClipShotTests" */ = {
			isa = XCConfigurationList;
			buildConfigurations = (
				01J000000000000000000100 /* Debug */,
				01J000000000000000000101 /* Release */,
			);
			defaultConfigurationIsVisible = 0;
			defaultConfigurationName = Release;
		};
/* End XCConfigurationList section */
	};
	rootObject = 01F000000000000000000001 /* Project object */;
}
