// !$*UTF8*$!
{
	archiveVersion = 1;
	classes = {
	};
	objectVersion = 56;
	objects = {

/* Begin PBXBuildFile section */
		01A000000000000000000001 /* ClipShotApp.swift in Sources */ = {isa = PBXBuildFile; fileRef = 01B000000000000000000001 /* ClipShotApp.swift */; };
		01A000000000000000000002 /* AppDelegate.swift in Sources */ = {isa = PBXBuildFile; fileRef = 01B000000000000000000002 /* AppDelegate.swift */; };
		01A000000000000000000003 /* AppState.swift in Sources */ = {isa = PBXBuildFile; fileRef = 01B000000000000000000003 /* AppState.swift */; };
		01A000000000000000000006 /* CaptureCoordinator.swift in Sources */ = {isa = PBXBuildFile; fileRef = 01B000000000000000000006 /* CaptureCoordinator.swift */; };
		01A00000000000000000000C /* MenuContentView.swift in Sources */ = {isa = PBXBuildFile; fileRef = 01B00000000000000000000C /* MenuContentView.swift */; };
		01A000000000000000000011 /* CaptureModels.swift in Sources */ = {isa = PBXBuildFile; fileRef = 01B000000000000000000011 /* CaptureModels.swift */; };
		01A000000000000000000012 /* EditorWindowController.swift in Sources */ = {isa = PBXBuildFile; fileRef = 01B000000000000000000012 /* EditorWindowController.swift */; };
		01A000000000000000000013 /* EditorView.swift in Sources */ = {isa = PBXBuildFile; fileRef = 01B000000000000000000013 /* EditorView.swift */; };
		01A000000000000000000101 /* PixelBuffer.swift in Sources */ = {isa = PBXBuildFile; fileRef = 01B000000000000000000101 /* PixelBuffer.swift */; };
		01A000000000000000000102 /* SanityTest.swift in Sources */ = {isa = PBXBuildFile; fileRef = 01B000000000000000000102 /* SanityTest.swift */; };
		01A000000000000000000201 /* EditorDocument.swift in Sources */ = {isa = PBXBuildFile; fileRef = 01B000000000000000000201 /* EditorDocument.swift */; };
		01A000000000000000000202 /* PaddingConfig.swift in Sources */ = {isa = PBXBuildFile; fileRef = 01B000000000000000000202 /* PaddingConfig.swift */; };
		01A000000000000000000203 /* BackgroundStyle.swift in Sources */ = {isa = PBXBuildFile; fileRef = 01B000000000000000000203 /* BackgroundStyle.swift */; };
		01A000000000000000000204 /* Annotation.swift in Sources */ = {isa = PBXBuildFile; fileRef = 01B000000000000000000204 /* Annotation.swift */; };
		01A000000000000000000205 /* EditorCommand.swift in Sources */ = {isa = PBXBuildFile; fileRef = 01B000000000000000000205 /* EditorCommand.swift */; };
		01A000000000000000000206 /* UndoStack.swift in Sources */ = {isa = PBXBuildFile; fileRef = 01B000000000000000000206 /* UndoStack.swift */; };
		01A000000000000000000207 /* EditorState.swift in Sources */ = {isa = PBXBuildFile; fileRef = 01B000000000000000000207 /* EditorState.swift */; };
		01A000000000000000000208 /* DocumentRenderer.swift in Sources */ = {isa = PBXBuildFile; fileRef = 01B000000000000000000208 /* DocumentRenderer.swift */; };
		01A000000000000000000209 /* CanvasContentView.swift in Sources */ = {isa = PBXBuildFile; fileRef = 01B000000000000000000209 /* CanvasContentView.swift */; };
		01A00000000000000000020A /* CanvasOverlayView.swift in Sources */ = {isa = PBXBuildFile; fileRef = 01B00000000000000000020A /* CanvasOverlayView.swift */; };
		01A00000000000000000020B /* CanvasScrollView.swift in Sources */ = {isa = PBXBuildFile; fileRef = 01B00000000000000000020B /* CanvasScrollView.swift */; };
		01A00000000000000000020C /* CanvasCoordinator.swift in Sources */ = {isa = PBXBuildFile; fileRef = 01B00000000000000000020C /* CanvasCoordinator.swift */; };
		01A00000000000000000020D /* CanvasView.swift in Sources */ = {isa = PBXBuildFile; fileRef = 01B00000000000000000020D /* CanvasView.swift */; };
		01A00000000000000000020F /* ToolSidebarView.swift in Sources */ = {isa = PBXBuildFile; fileRef = 01B00000000000000000020F /* ToolSidebarView.swift */; };
		01A000000000000000000210 /* SetPaddingCommand.swift in Sources */ = {isa = PBXBuildFile; fileRef = 01B000000000000000000210 /* SetPaddingCommand.swift */; };
		01A000000000000000000211 /* SetBackgroundCommand.swift in Sources */ = {isa = PBXBuildFile; fileRef = 01B000000000000000000211 /* SetBackgroundCommand.swift */; };
		01A000000000000000000212 /* PaddingToolView.swift in Sources */ = {isa = PBXBuildFile; fileRef = 01B000000000000000000212 /* PaddingToolView.swift */; };
		01A000000000000000000213 /* BackgroundToolView.swift in Sources */ = {isa = PBXBuildFile; fileRef = 01B000000000000000000213 /* BackgroundToolView.swift */; };
		01A000000000000000000214 /* Theme.swift in Sources */ = {isa = PBXBuildFile; fileRef = 01B000000000000000000214 /* Theme.swift */; };
		01A000000000000000000215 /* TopToolBarView.swift in Sources */ = {isa = PBXBuildFile; fileRef = 01B000000000000000000215 /* TopToolBarView.swift */; };
		01A000000000000000000320 /* KeyBinding.swift in Sources */ = {isa = PBXBuildFile; fileRef = 01B000000000000000000320 /* KeyBinding.swift */; };
		01A000000000000000000321 /* ShortcutCommand.swift in Sources */ = {isa = PBXBuildFile; fileRef = 01B000000000000000000321 /* ShortcutCommand.swift */; };
		01A000000000000000000322 /* ShortcutStore.swift in Sources */ = {isa = PBXBuildFile; fileRef = 01B000000000000000000322 /* ShortcutStore.swift */; };
		01A000000000000000000323 /* ShortcutDispatcher.swift in Sources */ = {isa = PBXBuildFile; fileRef = 01B000000000000000000323 /* ShortcutDispatcher.swift */; };
		01A000000000000000000326 /* ShortcutRecordingGate.swift in Sources */ = {isa = PBXBuildFile; fileRef = 01B000000000000000000326 /* ShortcutRecordingGate.swift */; };
		01A000000000000000000324 /* SettingsWindowController.swift in Sources */ = {isa = PBXBuildFile; fileRef = 01B000000000000000000324 /* SettingsWindowController.swift */; };
		01A000000000000000000325 /* SettingsView.swift in Sources */ = {isa = PBXBuildFile; fileRef = 01B000000000000000000325 /* SettingsView.swift */; };
		01A000000000000000000327 /* GeneralSettingsStore.swift in Sources */ = {isa = PBXBuildFile; fileRef = 01B000000000000000000327 /* GeneralSettingsStore.swift */; };
		01A000000000000000000331 /* ShortcutTests.swift in Sources */ = {isa = PBXBuildFile; fileRef = 01B000000000000000000331 /* ShortcutTests.swift */; };
		01A000000000000000000332 /* GeneralSettingsStoreTests.swift in Sources */ = {isa = PBXBuildFile; fileRef = 01B000000000000000000332 /* GeneralSettingsStoreTests.swift */; };
		01A000000000000000000216 /* CanvasGeometry.swift in Sources */ = {isa = PBXBuildFile; fileRef = 01B000000000000000000216 /* CanvasGeometry.swift */; };
		01A000000000000000000217 /* AnnotationGeometry.swift in Sources */ = {isa = PBXBuildFile; fileRef = 01B000000000000000000217 /* AnnotationGeometry.swift */; };
		01A000000000000000000218 /* AddAnnotationCommand.swift in Sources */ = {isa = PBXBuildFile; fileRef = 01B000000000000000000218 /* AddAnnotationCommand.swift */; };
		01A000000000000000000219 /* RemoveAnnotationCommand.swift in Sources */ = {isa = PBXBuildFile; fileRef = 01B000000000000000000219 /* RemoveAnnotationCommand.swift */; };
		01A00000000000000000021A /* MoveAnnotationCommand.swift in Sources */ = {isa = PBXBuildFile; fileRef = 01B00000000000000000021A /* MoveAnnotationCommand.swift */; };
		01A00000000000000000021B /* CanvasInteractionView.swift in Sources */ = {isa = PBXBuildFile; fileRef = 01B00000000000000000021B /* CanvasInteractionView.swift */; };
		01A00000000000000000021C /* CanvasTextEditor.swift in Sources */ = {isa = PBXBuildFile; fileRef = 01B00000000000000000021C /* CanvasTextEditor.swift */; };
		01A00000000000000000021D /* SelectToolView.swift in Sources */ = {isa = PBXBuildFile; fileRef = 01B00000000000000000021D /* SelectToolView.swift */; };
		01A00000000000000000021E /* ArrowToolView.swift in Sources */ = {isa = PBXBuildFile; fileRef = 01B00000000000000000021E /* ArrowToolView.swift */; };
		01A0000000000000000002F1 /* LineToolView.swift in Sources */ = {isa = PBXBuildFile; fileRef = 01B0000000000000000002F1 /* LineToolView.swift */; };
		01A00000000000000000021F /* RectangleToolView.swift in Sources */ = {isa = PBXBuildFile; fileRef = 01B00000000000000000021F /* RectangleToolView.swift */; };
		01A000000000000000000220 /* TextToolView.swift in Sources */ = {isa = PBXBuildFile; fileRef = 01B000000000000000000220 /* TextToolView.swift */; };
		01A000000000000000000221 /* ToolPaletteView.swift in Sources */ = {isa = PBXBuildFile; fileRef = 01B000000000000000000221 /* ToolPaletteView.swift */; };
		01A000000000000000000222 /* ComponentListView.swift in Sources */ = {isa = PBXBuildFile; fileRef = 01B000000000000000000222 /* ComponentListView.swift */; };
		01A000000000000000000223 /* CanvasZoomController.swift in Sources */ = {isa = PBXBuildFile; fileRef = 01B000000000000000000223 /* CanvasZoomController.swift */; };
		01A000000000000000000224 /* ZoomControlsView.swift in Sources */ = {isa = PBXBuildFile; fileRef = 01B000000000000000000224 /* ZoomControlsView.swift */; };
		01A000000000000000000250 /* ConcentricCardMask.swift in Sources */ = {isa = PBXBuildFile; fileRef = 01B000000000000000000250 /* ConcentricCardMask.swift */; };
		01A000000000000000000299 /* SetCardCornerCommand.swift in Sources */ = {isa = PBXBuildFile; fileRef = 01B000000000000000000299 /* SetCardCornerCommand.swift */; };
		01A000000000000000000301 /* EditorDocumentTests.swift in Sources */ = {isa = PBXBuildFile; fileRef = 01B000000000000000000301 /* EditorDocumentTests.swift */; };
		01A000000000000000000302 /* UndoStackTests.swift in Sources */ = {isa = PBXBuildFile; fileRef = 01B000000000000000000302 /* UndoStackTests.swift */; };
		01A000000000000000000303 /* FixtureDocument.swift in Sources */ = {isa = PBXBuildFile; fileRef = 01B000000000000000000303 /* FixtureDocument.swift */; };
		01A000000000000000000304 /* DocumentRendererTests.swift in Sources */ = {isa = PBXBuildFile; fileRef = 01B000000000000000000304 /* DocumentRendererTests.swift */; };
		01A000000000000000000305 /* CommandTests.swift in Sources */ = {isa = PBXBuildFile; fileRef = 01B000000000000000000305 /* CommandTests.swift */; };
		01A000000000000000000306 /* SidebarModelTests.swift in Sources */ = {isa = PBXBuildFile; fileRef = 01B000000000000000000306 /* SidebarModelTests.swift */; };
		01A000000000000000000307 /* AnnotationGeometryTests.swift in Sources */ = {isa = PBXBuildFile; fileRef = 01B000000000000000000307 /* AnnotationGeometryTests.swift */; };
		01A000000000000000000308 /* CoordinateConversionTests.swift in Sources */ = {isa = PBXBuildFile; fileRef = 01B000000000000000000308 /* CoordinateConversionTests.swift */; };
		01A000000000000000000309 /* AnnotationCommandTests.swift in Sources */ = {isa = PBXBuildFile; fileRef = 01B000000000000000000309 /* AnnotationCommandTests.swift */; };
		01A00000000000000000030A /* AnnotationStateTests.swift in Sources */ = {isa = PBXBuildFile; fileRef = 01B00000000000000000030A /* AnnotationStateTests.swift */; };
		01A00000000000000000030B /* ZoomMathTests.swift in Sources */ = {isa = PBXBuildFile; fileRef = 01B00000000000000000030B /* ZoomMathTests.swift */; };
		01A00000000000000000030C /* NativeWindowMatcherTests.swift in Sources */ = {isa = PBXBuildFile; fileRef = 01B00000000000000000030C /* NativeWindowMatcherTests.swift */; };
		01A000000000000000000310 /* RecentsStoreTests.swift in Sources */ = {isa = PBXBuildFile; fileRef = 01B000000000000000000310 /* RecentsStoreTests.swift */; };
		01A000000000000000000400 /* NativeCaptureRegionOverlay.swift in Sources */ = {isa = PBXBuildFile; fileRef = 01B000000000000000000400 /* NativeCaptureRegionOverlay.swift */; };
		01A000000000000000000401 /* NativeScreenCapturer.swift in Sources */ = {isa = PBXBuildFile; fileRef = 01B000000000000000000401 /* NativeScreenCapturer.swift */; };
		01A000000000000000000402 /* NativeCaptureShortcut.swift in Sources */ = {isa = PBXBuildFile; fileRef = 01B000000000000000000402 /* NativeCaptureShortcut.swift */; };
		01A000000000000000000500 /* HomeView.swift in Sources */ = {isa = PBXBuildFile; fileRef = 01B000000000000000000500 /* HomeView.swift */; };
		01A000000000000000000501 /* AppIcon.icon in Resources */ = {isa = PBXBuildFile; fileRef = 01B000000000000000000501 /* AppIcon.icon */; };
		01A000000000000000000502 /* MenuBarIcon.png in Resources */ = {isa = PBXBuildFile; fileRef = 01B000000000000000000502 /* MenuBarIcon.png */; };
		01A000000000000000000503 /* MenuBarIcon@2x.png in Resources */ = {isa = PBXBuildFile; fileRef = 01B000000000000000000503 /* MenuBarIcon@2x.png */; };
		01A000000000000000000601 /* RecentsStore.swift in Sources */ = {isa = PBXBuildFile; fileRef = 01B000000000000000000601 /* RecentsStore.swift */; };
		1BA944B9B0F0C1F9C43EF01B /* MeshGradientGenerator.swift in Sources */ = {isa = PBXBuildFile; fileRef = BA9393E6113E2EEE8E5FE7E6 /* MeshGradientGenerator.swift */; };
		0AED9E000100000000000001 /* EdgePaletteSampler.swift in Sources */ = {isa = PBXBuildFile; fileRef = 0AED9E000200000000000002 /* EdgePaletteSampler.swift */; };
		4AE6726D86D36938DDD57DF4 /* ContentBoundsDetectorTests.swift in Sources */ = {isa = PBXBuildFile; fileRef = 8845A676CEB200FC3C0AD70E /* ContentBoundsDetectorTests.swift */; };
		775F677B581250353BE09E0E /* ContentBoundsDetector.swift in Sources */ = {isa = PBXBuildFile; fileRef = 4814D67D6F978873045C5635 /* ContentBoundsDetector.swift */; };
		876F3B6F8742365424087997 /* DynamicMeshCache.swift in Sources */ = {isa = PBXBuildFile; fileRef = D99D9E0BDD5C3B8BAB17EF4C /* DynamicMeshCache.swift */; };
		97FCDDE7D93682B011548524 /* DynamicMeshCacheTests.swift in Sources */ = {isa = PBXBuildFile; fileRef = 56154F05608FA48C1096BB93 /* DynamicMeshCacheTests.swift */; };
		A4A1E0ED3BFA78B1BF42D926 /* MeshGradientGeneratorTests.swift in Sources */ = {isa = PBXBuildFile; fileRef = 53E6D10A95528AC36DD4CA1A /* MeshGradientGeneratorTests.swift */; };
		C4803FCDD1EF6B9F8142D09E /* MeshSpecTests.swift in Sources */ = {isa = PBXBuildFile; fileRef = 090C58A15E485322374C6255 /* MeshSpecTests.swift */; };
		D941DE371CF3851E414EB2D6 /* MeshSpec.swift in Sources */ = {isa = PBXBuildFile; fileRef = 6498582A10FFBBAB8A685137 /* MeshSpec.swift */; };
		CA7A10096000000000000101 /* WallpaperCatalog.swift in Sources */ = {isa = PBXBuildFile; fileRef = CA7A10096000000000000001 /* WallpaperCatalog.swift */; };
		CA7A10096000000000000102 /* WallpaperImageCache.swift in Sources */ = {isa = PBXBuildFile; fileRef = CA7A10096000000000000002 /* WallpaperImageCache.swift */; };
		CA7A10096000000000000103 /* WallpaperTests.swift in Sources */ = {isa = PBXBuildFile; fileRef = CA7A10096000000000000003 /* WallpaperTests.swift */; };
		CA7A10096000000000000104 /* Wallpapers in Resources */ = {isa = PBXBuildFile; fileRef = CA7A10096000000000000004 /* Wallpapers */; };
/* End PBXBuildFile section */

/* Begin PBXContainerItemProxy section */
		01L000000000000000000100 /* PBXContainerItemProxy */ = {
			isa = PBXContainerItemProxy;
			containerPortal = 01F000000000000000000001 /* Project object */;
			proxyType = 1;
			remoteGlobalIDString = 01E000000000000000000001;
			remoteInfo = ClipShot;
		};
/* End PBXContainerItemProxy section */

/* Begin PBXFileReference section */
		01B000000000000000000000 /* ClipShot.app */ = {isa = PBXFileReference; explicitFileType = wrapper.application; includeInIndex = 0; path = ClipShot.app; sourceTree = BUILT_PRODUCTS_DIR; };
		01B000000000000000000001 /* ClipShotApp.swift */ = {isa = PBXFileReference; lastKnownFileType = sourcecode.swift; path = ClipShotApp.swift; sourceTree = "<group>"; };
		01B000000000000000000002 /* AppDelegate.swift */ = {isa = PBXFileReference; lastKnownFileType = sourcecode.swift; path = AppDelegate.swift; sourceTree = "<group>"; };
		01B000000000000000000003 /* AppState.swift */ = {isa = PBXFileReference; lastKnownFileType = sourcecode.swift; path = AppState.swift; sourceTree = "<group>"; };
		01B000000000000000000006 /* CaptureCoordinator.swift */ = {isa = PBXFileReference; lastKnownFileType = sourcecode.swift; path = CaptureCoordinator.swift; sourceTree = "<group>"; };
		01B00000000000000000000C /* MenuContentView.swift */ = {isa = PBXFileReference; lastKnownFileType = sourcecode.swift; path = MenuContentView.swift; sourceTree = "<group>"; };
		01B00000000000000000000F /* Info.plist */ = {isa = PBXFileReference; lastKnownFileType = text.plist.xml; path = Info.plist; sourceTree = "<group>"; };
		01B000000000000000000011 /* CaptureModels.swift */ = {isa = PBXFileReference; lastKnownFileType = sourcecode.swift; path = CaptureModels.swift; sourceTree = "<group>"; };
		01B000000000000000000012 /* EditorWindowController.swift */ = {isa = PBXFileReference; lastKnownFileType = sourcecode.swift; path = EditorWindowController.swift; sourceTree = "<group>"; };
		01B000000000000000000013 /* EditorView.swift */ = {isa = PBXFileReference; lastKnownFileType = sourcecode.swift; path = EditorView.swift; sourceTree = "<group>"; };
		01B000000000000000000320 /* KeyBinding.swift */ = {isa = PBXFileReference; lastKnownFileType = sourcecode.swift; path = KeyBinding.swift; sourceTree = "<group>"; };
		01B000000000000000000321 /* ShortcutCommand.swift */ = {isa = PBXFileReference; lastKnownFileType = sourcecode.swift; path = ShortcutCommand.swift; sourceTree = "<group>"; };
		01B000000000000000000322 /* ShortcutStore.swift */ = {isa = PBXFileReference; lastKnownFileType = sourcecode.swift; path = ShortcutStore.swift; sourceTree = "<group>"; };
		01B000000000000000000323 /* ShortcutDispatcher.swift */ = {isa = PBXFileReference; lastKnownFileType = sourcecode.swift; path = ShortcutDispatcher.swift; sourceTree = "<group>"; };
		01B000000000000000000326 /* ShortcutRecordingGate.swift */ = {isa = PBXFileReference; lastKnownFileType = sourcecode.swift; path = ShortcutRecordingGate.swift; sourceTree = "<group>"; };
		01B000000000000000000324 /* SettingsWindowController.swift */ = {isa = PBXFileReference; lastKnownFileType = sourcecode.swift; path = SettingsWindowController.swift; sourceTree = "<group>"; };
		01B000000000000000000325 /* SettingsView.swift */ = {isa = PBXFileReference; lastKnownFileType = sourcecode.swift; path = SettingsView.swift; sourceTree = "<group>"; };
		01B000000000000000000327 /* GeneralSettingsStore.swift */ = {isa = PBXFileReference; lastKnownFileType = sourcecode.swift; path = GeneralSettingsStore.swift; sourceTree = "<group>"; };
		01B000000000000000000331 /* ShortcutTests.swift */ = {isa = PBXFileReference; lastKnownFileType = sourcecode.swift; path = ShortcutTests.swift; sourceTree = "<group>"; };
		01B000000000000000000332 /* GeneralSettingsStoreTests.swift */ = {isa = PBXFileReference; lastKnownFileType = sourcecode.swift; path = GeneralSettingsStoreTests.swift; sourceTree = "<group>"; };
		01B000000000000000000100 /* ClipShotTests.xctest */ = {isa = PBXFileReference; explicitFileType = wrapper.cfbundle; includeInIndex = 0; path = ClipShotTests.xctest; sourceTree = BUILT_PRODUCTS_DIR; };
		01B000000000000000000101 /* PixelBuffer.swift */ = {isa = PBXFileReference; lastKnownFileType = sourcecode.swift; path = PixelBuffer.swift; sourceTree = "<group>"; };
		01B000000000000000000102 /* SanityTest.swift */ = {isa = PBXFileReference; lastKnownFileType = sourcecode.swift; path = SanityTest.swift; sourceTree = "<group>"; };
		01B000000000000000000201 /* EditorDocument.swift */ = {isa = PBXFileReference; lastKnownFileType = sourcecode.swift; path = EditorDocument.swift; sourceTree = "<group>"; };
		01B000000000000000000202 /* PaddingConfig.swift */ = {isa = PBXFileReference; lastKnownFileType = sourcecode.swift; path = PaddingConfig.swift; sourceTree = "<group>"; };
		01B000000000000000000203 /* BackgroundStyle.swift */ = {isa = PBXFileReference; lastKnownFileType = sourcecode.swift; path = BackgroundStyle.swift; sourceTree = "<group>"; };
		01B000000000000000000204 /* Annotation.swift */ = {isa = PBXFileReference; lastKnownFileType = sourcecode.swift; path = Annotation.swift; sourceTree = "<group>"; };
		01B000000000000000000205 /* EditorCommand.swift */ = {isa = PBXFileReference; lastKnownFileType = sourcecode.swift; path = EditorCommand.swift; sourceTree = "<group>"; };
		01B000000000000000000206 /* UndoStack.swift */ = {isa = PBXFileReference; lastKnownFileType = sourcecode.swift; path = UndoStack.swift; sourceTree = "<group>"; };
		01B000000000000000000207 /* EditorState.swift */ = {isa = PBXFileReference; lastKnownFileType = sourcecode.swift; path = EditorState.swift; sourceTree = "<group>"; };
		01B000000000000000000208 /* DocumentRenderer.swift */ = {isa = PBXFileReference; lastKnownFileType = sourcecode.swift; path = DocumentRenderer.swift; sourceTree = "<group>"; };
		01B000000000000000000209 /* CanvasContentView.swift */ = {isa = PBXFileReference; lastKnownFileType = sourcecode.swift; path = CanvasContentView.swift; sourceTree = "<group>"; };
		01B00000000000000000020A /* CanvasOverlayView.swift */ = {isa = PBXFileReference; lastKnownFileType = sourcecode.swift; path = CanvasOverlayView.swift; sourceTree = "<group>"; };
		01B00000000000000000020B /* CanvasScrollView.swift */ = {isa = PBXFileReference; lastKnownFileType = sourcecode.swift; path = CanvasScrollView.swift; sourceTree = "<group>"; };
		01B00000000000000000020C /* CanvasCoordinator.swift */ = {isa = PBXFileReference; lastKnownFileType = sourcecode.swift; path = CanvasCoordinator.swift; sourceTree = "<group>"; };
		01B00000000000000000020D /* CanvasView.swift */ = {isa = PBXFileReference; lastKnownFileType = sourcecode.swift; path = CanvasView.swift; sourceTree = "<group>"; };
		01B00000000000000000020F /* ToolSidebarView.swift */ = {isa = PBXFileReference; lastKnownFileType = sourcecode.swift; path = ToolSidebarView.swift; sourceTree = "<group>"; };
		01B000000000000000000210 /* SetPaddingCommand.swift */ = {isa = PBXFileReference; lastKnownFileType = sourcecode.swift; path = SetPaddingCommand.swift; sourceTree = "<group>"; };
		01B000000000000000000211 /* SetBackgroundCommand.swift */ = {isa = PBXFileReference; lastKnownFileType = sourcecode.swift; path = SetBackgroundCommand.swift; sourceTree = "<group>"; };
		01B000000000000000000212 /* PaddingToolView.swift */ = {isa = PBXFileReference; lastKnownFileType = sourcecode.swift; path = PaddingToolView.swift; sourceTree = "<group>"; };
		01B000000000000000000213 /* BackgroundToolView.swift */ = {isa = PBXFileReference; lastKnownFileType = sourcecode.swift; path = BackgroundToolView.swift; sourceTree = "<group>"; };
		01B000000000000000000214 /* Theme.swift */ = {isa = PBXFileReference; lastKnownFileType = sourcecode.swift; path = Theme.swift; sourceTree = "<group>"; };
		01B000000000000000000215 /* TopToolBarView.swift */ = {isa = PBXFileReference; lastKnownFileType = sourcecode.swift; path = TopToolBarView.swift; sourceTree = "<group>"; };
		01B000000000000000000216 /* CanvasGeometry.swift */ = {isa = PBXFileReference; lastKnownFileType = sourcecode.swift; path = CanvasGeometry.swift; sourceTree = "<group>"; };
		01B000000000000000000217 /* AnnotationGeometry.swift */ = {isa = PBXFileReference; lastKnownFileType = sourcecode.swift; path = AnnotationGeometry.swift; sourceTree = "<group>"; };
		01B000000000000000000218 /* AddAnnotationCommand.swift */ = {isa = PBXFileReference; lastKnownFileType = sourcecode.swift; path = AddAnnotationCommand.swift; sourceTree = "<group>"; };
		01B000000000000000000219 /* RemoveAnnotationCommand.swift */ = {isa = PBXFileReference; lastKnownFileType = sourcecode.swift; path = RemoveAnnotationCommand.swift; sourceTree = "<group>"; };
		01B00000000000000000021A /* MoveAnnotationCommand.swift */ = {isa = PBXFileReference; lastKnownFileType = sourcecode.swift; path = MoveAnnotationCommand.swift; sourceTree = "<group>"; };
		01B00000000000000000021B /* CanvasInteractionView.swift */ = {isa = PBXFileReference; lastKnownFileType = sourcecode.swift; path = CanvasInteractionView.swift; sourceTree = "<group>"; };
		01B00000000000000000021C /* CanvasTextEditor.swift */ = {isa = PBXFileReference; lastKnownFileType = sourcecode.swift; path = CanvasTextEditor.swift; sourceTree = "<group>"; };
		01B00000000000000000021D /* SelectToolView.swift */ = {isa = PBXFileReference; lastKnownFileType = sourcecode.swift; path = SelectToolView.swift; sourceTree = "<group>"; };
		01B00000000000000000021E /* ArrowToolView.swift */ = {isa = PBXFileReference; lastKnownFileType = sourcecode.swift; path = ArrowToolView.swift; sourceTree = "<group>"; };
		01B0000000000000000002F1 /* LineToolView.swift */ = {isa = PBXFileReference; lastKnownFileType = sourcecode.swift; path = LineToolView.swift; sourceTree = "<group>"; };
		01B00000000000000000021F /* RectangleToolView.swift */ = {isa = PBXFileReference; lastKnownFileType = sourcecode.swift; path = RectangleToolView.swift; sourceTree = "<group>"; };
		01B000000000000000000220 /* TextToolView.swift */ = {isa = PBXFileReference; lastKnownFileType = sourcecode.swift; path = TextToolView.swift; sourceTree = "<group>"; };
		01B000000000000000000221 /* ToolPaletteView.swift */ = {isa = PBXFileReference; lastKnownFileType = sourcecode.swift; path = ToolPaletteView.swift; sourceTree = "<group>"; };
		01B000000000000000000222 /* ComponentListView.swift */ = {isa = PBXFileReference; lastKnownFileType = sourcecode.swift; path = ComponentListView.swift; sourceTree = "<group>"; };
		01B000000000000000000223 /* CanvasZoomController.swift */ = {isa = PBXFileReference; lastKnownFileType = sourcecode.swift; path = CanvasZoomController.swift; sourceTree = "<group>"; };
		01B000000000000000000224 /* ZoomControlsView.swift */ = {isa = PBXFileReference; lastKnownFileType = sourcecode.swift; path = ZoomControlsView.swift; sourceTree = "<group>"; };
		01B000000000000000000250 /* ConcentricCardMask.swift */ = {isa = PBXFileReference; lastKnownFileType = sourcecode.swift; path = ConcentricCardMask.swift; sourceTree = "<group>"; };
		01B000000000000000000299 /* SetCardCornerCommand.swift */ = {isa = PBXFileReference; lastKnownFileType = sourcecode.swift; path = SetCardCornerCommand.swift; sourceTree = "<group>"; };
		01B000000000000000000301 /* EditorDocumentTests.swift */ = {isa = PBXFileReference; lastKnownFileType = sourcecode.swift; path = EditorDocumentTests.swift; sourceTree = "<group>"; };
		01B000000000000000000302 /* UndoStackTests.swift */ = {isa = PBXFileReference; lastKnownFileType = sourcecode.swift; path = UndoStackTests.swift; sourceTree = "<group>"; };
		01B000000000000000000303 /* FixtureDocument.swift */ = {isa = PBXFileReference; lastKnownFileType = sourcecode.swift; path = FixtureDocument.swift; sourceTree = "<group>"; };
		01B000000000000000000304 /* DocumentRendererTests.swift */ = {isa = PBXFileReference; lastKnownFileType = sourcecode.swift; path = DocumentRendererTests.swift; sourceTree = "<group>"; };
		01B000000000000000000305 /* CommandTests.swift */ = {isa = PBXFileReference; lastKnownFileType = sourcecode.swift; path = CommandTests.swift; sourceTree = "<group>"; };
		01B000000000000000000306 /* SidebarModelTests.swift */ = {isa = PBXFileReference; lastKnownFileType = sourcecode.swift; path = SidebarModelTests.swift; sourceTree = "<group>"; };
		01B000000000000000000307 /* AnnotationGeometryTests.swift */ = {isa = PBXFileReference; lastKnownFileType = sourcecode.swift; path = AnnotationGeometryTests.swift; sourceTree = "<group>"; };
		01B000000000000000000308 /* CoordinateConversionTests.swift */ = {isa = PBXFileReference; lastKnownFileType = sourcecode.swift; path = CoordinateConversionTests.swift; sourceTree = "<group>"; };
		01B000000000000000000309 /* AnnotationCommandTests.swift */ = {isa = PBXFileReference; lastKnownFileType = sourcecode.swift; path = AnnotationCommandTests.swift; sourceTree = "<group>"; };
		01B00000000000000000030A /* AnnotationStateTests.swift */ = {isa = PBXFileReference; lastKnownFileType = sourcecode.swift; path = AnnotationStateTests.swift; sourceTree = "<group>"; };
		01B00000000000000000030B /* ZoomMathTests.swift */ = {isa = PBXFileReference; lastKnownFileType = sourcecode.swift; path = ZoomMathTests.swift; sourceTree = "<group>"; };
		01B00000000000000000030C /* NativeWindowMatcherTests.swift */ = {isa = PBXFileReference; lastKnownFileType = sourcecode.swift; path = NativeWindowMatcherTests.swift; sourceTree = "<group>"; };
		01B000000000000000000310 /* RecentsStoreTests.swift */ = {isa = PBXFileReference; lastKnownFileType = sourcecode.swift; path = RecentsStoreTests.swift; sourceTree = "<group>"; };
		01B000000000000000000400 /* NativeCaptureRegionOverlay.swift */ = {isa = PBXFileReference; lastKnownFileType = sourcecode.swift; path = NativeCaptureRegionOverlay.swift; sourceTree = "<group>"; };
		01B000000000000000000401 /* NativeScreenCapturer.swift */ = {isa = PBXFileReference; lastKnownFileType = sourcecode.swift; path = NativeScreenCapturer.swift; sourceTree = "<group>"; };
		01B000000000000000000402 /* NativeCaptureShortcut.swift */ = {isa = PBXFileReference; lastKnownFileType = sourcecode.swift; path = NativeCaptureShortcut.swift; sourceTree = "<group>"; };
		01B000000000000000000500 /* HomeView.swift */ = {isa = PBXFileReference; lastKnownFileType = sourcecode.swift; path = HomeView.swift; sourceTree = "<group>"; };
		01B000000000000000000501 /* AppIcon.icon */ = {isa = PBXFileReference; lastKnownFileType = folder.iconcomposer.icon; path = AppIcon.icon; sourceTree = "<group>"; };
		01B000000000000000000502 /* MenuBarIcon.png */ = {isa = PBXFileReference; lastKnownFileType = image.png; path = MenuBarIcon.png; sourceTree = "<group>"; };
		01B000000000000000000503 /* MenuBarIcon@2x.png */ = {isa = PBXFileReference; lastKnownFileType = image.png; path = "MenuBarIcon@2x.png"; sourceTree = "<group>"; };
		01B000000000000000000601 /* RecentsStore.swift */ = {isa = PBXFileReference; lastKnownFileType = sourcecode.swift; path = RecentsStore.swift; sourceTree = "<group>"; };
		090C58A15E485322374C6255 /* MeshSpecTests.swift */ = {isa = PBXFileReference; includeInIndex = 1; lastKnownFileType = sourcecode.swift; name = MeshSpecTests.swift; path = ClipShotTests/MeshSpecTests.swift; sourceTree = "<group>"; };
		4814D67D6F978873045C5635 /* ContentBoundsDetector.swift */ = {isa = PBXFileReference; includeInIndex = 1; lastKnownFileType = sourcecode.swift; path = ContentBoundsDetector.swift; sourceTree = "<group>"; };
		53E6D10A95528AC36DD4CA1A /* MeshGradientGeneratorTests.swift */ = {isa = PBXFileReference; includeInIndex = 1; lastKnownFileType = sourcecode.swift; name = MeshGradientGeneratorTests.swift; path = ClipShotTests/MeshGradientGeneratorTests.swift; sourceTree = "<group>"; };
		56154F05608FA48C1096BB93 /* DynamicMeshCacheTests.swift */ = {isa = PBXFileReference; includeInIndex = 1; lastKnownFileType = sourcecode.swift; name = DynamicMeshCacheTests.swift; path = ClipShotTests/DynamicMeshCacheTests.swift; sourceTree = "<group>"; };
		6498582A10FFBBAB8A685137 /* MeshSpec.swift */ = {isa = PBXFileReference; includeInIndex = 1; lastKnownFileType = sourcecode.swift; name = MeshSpec.swift; path = ClipShot/Editor/Background/MeshSpec.swift; sourceTree = "<group>"; };
		8845A676CEB200FC3C0AD70E /* ContentBoundsDetectorTests.swift */ = {isa = PBXFileReference; includeInIndex = 1; lastKnownFileType = sourcecode.swift; path = ContentBoundsDetectorTests.swift; sourceTree = "<group>"; };
		BA9393E6113E2EEE8E5FE7E6 /* MeshGradientGenerator.swift */ = {isa = PBXFileReference; includeInIndex = 1; lastKnownFileType = sourcecode.swift; name = MeshGradientGenerator.swift; path = ClipShot/Editor/Background/MeshGradientGenerator.swift; sourceTree = "<group>"; };
		0AED9E000200000000000002 /* EdgePaletteSampler.swift */ = {isa = PBXFileReference; includeInIndex = 1; lastKnownFileType = sourcecode.swift; name = EdgePaletteSampler.swift; path = ClipShot/Editor/Background/EdgePaletteSampler.swift; sourceTree = "<group>"; };
		D99D9E0BDD5C3B8BAB17EF4C /* DynamicMeshCache.swift */ = {isa = PBXFileReference; includeInIndex = 1; lastKnownFileType = sourcecode.swift; name = DynamicMeshCache.swift; path = ClipShot/Editor/Background/DynamicMeshCache.swift; sourceTree = "<group>"; };
		CA7A10096000000000000001 /* WallpaperCatalog.swift */ = {isa = PBXFileReference; includeInIndex = 1; lastKnownFileType = sourcecode.swift; name = WallpaperCatalog.swift; path = ClipShot/Editor/Background/WallpaperCatalog.swift; sourceTree = "<group>"; };
		CA7A10096000000000000002 /* WallpaperImageCache.swift */ = {isa = PBXFileReference; includeInIndex = 1; lastKnownFileType = sourcecode.swift; name = WallpaperImageCache.swift; path = ClipShot/Editor/Background/WallpaperImageCache.swift; sourceTree = "<group>"; };
		CA7A10096000000000000003 /* WallpaperTests.swift */ = {isa = PBXFileReference; includeInIndex = 1; lastKnownFileType = sourcecode.swift; name = WallpaperTests.swift; path = ClipShotTests/WallpaperTests.swift; sourceTree = "<group>"; };
		CA7A10096000000000000004 /* Wallpapers */ = {isa = PBXFileReference; lastKnownFileType = folder; name = Wallpapers; path = ClipShot/Resources/Wallpapers; sourceTree = "<group>"; };
/* End PBXFileReference section */

/* Begin PBXFrameworksBuildPhase section */
		01C000000000000000000001 /* Frameworks */ = {
			isa = PBXFrameworksBuildPhase;
			buildActionMask = 2147483647;
			files = (
			);
			runOnlyForDeploymentPostprocessing = 0;
		};
/* End PBXFrameworksBuildPhase section */

/* Begin PBXGroup section */
		01D000000000000000000001 = {
			isa = PBXGroup;
			children = (
				01D000000000000000000003 /* ClipShot */,
				01D000000000000000000100 /* ClipShotTests */,
				01D000000000000000000002 /* Products */,
				6498582A10FFBBAB8A685137 /* MeshSpec.swift */,
				090C58A15E485322374C6255 /* MeshSpecTests.swift */,
				BA9393E6113E2EEE8E5FE7E6 /* MeshGradientGenerator.swift */,
				0AED9E000200000000000002 /* EdgePaletteSampler.swift */,
				53E6D10A95528AC36DD4CA1A /* MeshGradientGeneratorTests.swift */,
				D99D9E0BDD5C3B8BAB17EF4C /* DynamicMeshCache.swift */,
				56154F05608FA48C1096BB93 /* DynamicMeshCacheTests.swift */,
				CA7A10096000000000000001 /* WallpaperCatalog.swift */,
				CA7A10096000000000000002 /* WallpaperImageCache.swift */,
				CA7A10096000000000000003 /* WallpaperTests.swift */,
				CA7A10096000000000000004 /* Wallpapers */,
			);
			sourceTree = "<group>";
		};
		01D000000000000000000002 /* Products */ = {
			isa = PBXGroup;
			children = (
				01B000000000000000000000 /* ClipShot.app */,
				01B000000000000000000100 /* ClipShotTests.xctest */,
			);
			name = Products;
			sourceTree = "<group>";
		};
		01D000000000000000000003 /* ClipShot */ = {
			isa = PBXGroup;
			children = (
				01B00000000000000000000F /* Info.plist */,
				01B000000000000000000501 /* AppIcon.icon */,
				01B000000000000000000502 /* MenuBarIcon.png */,
				01B000000000000000000503 /* MenuBarIcon@2x.png */,
				01B000000000000000000001 /* ClipShotApp.swift */,
				01B000000000000000000002 /* AppDelegate.swift */,
				01B000000000000000000003 /* AppState.swift */,
				01B000000000000000000006 /* CaptureCoordinator.swift */,
				01D000000000000000000200 /* Editor */,
				01D000000000000000000009 /* Capture */,
				01D000000000000000000600 /* Recents */,
				01D000000000000000000400 /* Native */,
				01D000000000000000000340 /* Shortcuts */,
				01D000000000000000000007 /* UI */,
			);
			path = ClipShot;
			sourceTree = "<group>";
		};
		01D000000000000000000007 /* UI */ = {
			isa = PBXGroup;
			children = (
				01B00000000000000000000C /* MenuContentView.swift */,
				01B000000000000000000012 /* EditorWindowController.swift */,
				01B000000000000000000013 /* EditorView.swift */,
				01B000000000000000000500 /* HomeView.swift */,
				01B000000000000000000324 /* SettingsWindowController.swift */,
				01B000000000000000000325 /* SettingsView.swift */,
				01B000000000000000000327 /* GeneralSettingsStore.swift */,
				01B000000000000000000214 /* Theme.swift */,
			);
			path = UI;
			sourceTree = "<group>";
		};
		01D000000000000000000340 /* Shortcuts */ = {
			isa = PBXGroup;
			children = (
				01B000000000000000000320 /* KeyBinding.swift */,
				01B000000000000000000321 /* ShortcutCommand.swift */,
				01B000000000000000000322 /* ShortcutStore.swift */,
				01B000000000000000000323 /* ShortcutDispatcher.swift */,
				01B000000000000000000326 /* ShortcutRecordingGate.swift */,
			);
			path = Shortcuts;
			sourceTree = "<group>";
		};
		01D000000000000000000009 /* Capture */ = {
			isa = PBXGroup;
			children = (
				01B000000000000000000011 /* CaptureModels.swift */,
			);
			path = Capture;
			sourceTree = "<group>";
		};
		01D000000000000000000100 /* ClipShotTests */ = {
			isa = PBXGroup;
			children = (
				01D000000000000000000101 /* Helpers */,
				01B000000000000000000102 /* SanityTest.swift */,
				01B000000000000000000301 /* EditorDocumentTests.swift */,
				01B000000000000000000302 /* UndoStackTests.swift */,
				01B000000000000000000304 /* DocumentRendererTests.swift */,
				01B000000000000000000305 /* CommandTests.swift */,
				01B000000000000000000306 /* SidebarModelTests.swift */,
				01B000000000000000000307 /* AnnotationGeometryTests.swift */,
				01B000000000000000000308 /* CoordinateConversionTests.swift */,
				01B000000000000000000309 /* AnnotationCommandTests.swift */,
				01B00000000000000000030A /* AnnotationStateTests.swift */,
				01B00000000000000000030B /* ZoomMathTests.swift */,
				01B00000000000000000030C /* NativeWindowMatcherTests.swift */,
				01B000000000000000000310 /* RecentsStoreTests.swift */,
				01B000000000000000000331 /* ShortcutTests.swift */,
				01B000000000000000000332 /* GeneralSettingsStoreTests.swift */,
				8845A676CEB200FC3C0AD70E /* ContentBoundsDetectorTests.swift */,
			);
			path = ClipShotTests;
			sourceTree = "<group>";
		};
		01D000000000000000000101 /* Helpers */ = {
			isa = PBXGroup;
			children = (
				01B000000000000000000101 /* PixelBuffer.swift */,
				01B000000000000000000303 /* FixtureDocument.swift */,
			);
			path = Helpers;
			sourceTree = "<group>";
		};
		01D000000000000000000200 /* Editor */ = {
			isa = PBXGroup;
			children = (
				01D000000000000000000201 /* Document */,
				01D000000000000000000202 /* Canvas */,
				01D000000000000000000203 /* Toolbar */,
				01D000000000000000000204 /* Tools */,
				01D000000000000000000205 /* Export */,
				01B000000000000000000207 /* EditorState.swift */,
			);
			path = Editor;
			sourceTree = "<group>";
		};
		01D000000000000000000201 /* Document */ = {
			isa = PBXGroup;
			children = (
				01B000000000000000000201 /* EditorDocument.swift */,
				01B000000000000000000202 /* PaddingConfig.swift */,
				01B000000000000000000203 /* BackgroundStyle.swift */,
				01B000000000000000000204 /* Annotation.swift */,
				01B000000000000000000217 /* AnnotationGeometry.swift */,
				01B000000000000000000205 /* EditorCommand.swift */,
				01B000000000000000000206 /* UndoStack.swift */,
				01B000000000000000000210 /* SetPaddingCommand.swift */,
				01B000000000000000000299 /* SetCardCornerCommand.swift */,
				01B000000000000000000211 /* SetBackgroundCommand.swift */,
				01B000000000000000000218 /* AddAnnotationCommand.swift */,
				01B000000000000000000219 /* RemoveAnnotationCommand.swift */,
				01B00000000000000000021A /* MoveAnnotationCommand.swift */,
				4814D67D6F978873045C5635 /* ContentBoundsDetector.swift */,
			);
			path = Document;
			sourceTree = "<group>";
		};
		01D000000000000000000202 /* Canvas */ = {
			isa = PBXGroup;
			children = (
				01B000000000000000000209 /* CanvasContentView.swift */,
				01B00000000000000000020A /* CanvasOverlayView.swift */,
				01B00000000000000000020B /* CanvasScrollView.swift */,
				01B00000000000000000020C /* CanvasCoordinator.swift */,
				01B00000000000000000020D /* CanvasView.swift */,
				01B000000000000000000216 /* CanvasGeometry.swift */,
				01B00000000000000000021B /* CanvasInteractionView.swift */,
				01B00000000000000000021C /* CanvasTextEditor.swift */,
				01B000000000000000000223 /* CanvasZoomController.swift */,
			);
			path = Canvas;
			sourceTree = "<group>";
		};
		01D000000000000000000203 /* Toolbar */ = {
			isa = PBXGroup;
			children = (
				01B000000000000000000224 /* ZoomControlsView.swift */,
			);
			path = Toolbar;
			sourceTree = "<group>";
		};
		01D000000000000000000204 /* Tools */ = {
			isa = PBXGroup;
			children = (
				01B00000000000000000020F /* ToolSidebarView.swift */,
				01B000000000000000000215 /* TopToolBarView.swift */,
				01B000000000000000000221 /* ToolPaletteView.swift */,
				01B000000000000000000222 /* ComponentListView.swift */,
				01B000000000000000000212 /* PaddingToolView.swift */,
				01B000000000000000000213 /* BackgroundToolView.swift */,
				01B00000000000000000021D /* SelectToolView.swift */,
				01B00000000000000000021E /* ArrowToolView.swift */,
				01B0000000000000000002F1 /* LineToolView.swift */,
				01B00000000000000000021F /* RectangleToolView.swift */,
				01B000000000000000000220 /* TextToolView.swift */,
			);
			path = Tools;
			sourceTree = "<group>";
		};
		01D000000000000000000205 /* Export */ = {
			isa = PBXGroup;
			children = (
				01B000000000000000000208 /* DocumentRenderer.swift */,
				01B000000000000000000250 /* ConcentricCardMask.swift */,
			);
			path = Export;
			sourceTree = "<group>";
		};
		01D000000000000000000400 /* Native */ = {
			isa = PBXGroup;
			children = (
				01B000000000000000000400 /* NativeCaptureRegionOverlay.swift */,
				01B000000000000000000401 /* NativeScreenCapturer.swift */,
				01B000000000000000000402 /* NativeCaptureShortcut.swift */,
			);
			path = Native;
			sourceTree = "<group>";
		};
		01D000000000000000000600 /* Recents */ = {
			isa = PBXGroup;
			children = (
				01B000000000000000000601 /* RecentsStore.swift */,
			);
			path = Recents;
			sourceTree = "<group>";
		};
/* End PBXGroup section */

/* Begin PBXNativeTarget section */
		01E000000000000000000001 /* ClipShot */ = {
			isa = PBXNativeTarget;
			buildConfigurationList = 01I000000000000000000002 /* Build configuration list for PBXNativeTarget "ClipShot" */;
			buildPhases = (
				01G000000000000000000001 /* Sources */,
				01C000000000000000000001 /* Frameworks */,
				01H000000000000000000001 /* Resources */,
			);
			buildRules = (
			);
			dependencies = (
			);
			name = ClipShot;
			productName = ClipShot;
			productReference = 01B000000000000000000000 /* ClipShot.app */;
			productType = "com.apple.product-type.application";
		};
		01E000000000000000000100 /* ClipShotTests */ = {
			isa = PBXNativeTarget;
			buildConfigurationList = 01I000000000000000000100 /* Build configuration list for PBXNativeTarget "ClipShotTests" */;
			buildPhases = (
				01G000000000000000000100 /* Sources */,
			);
			buildRules = (
			);
			dependencies = (
				01K000000000000000000100 /* PBXTargetDependency */,
			);
			name = ClipShotTests;
			productName = ClipShotTests;
			productReference = 01B000000000000000000100 /* ClipShotTests.xctest */;
			productType = "com.apple.product-type.bundle.unit-test";
		};
/* End PBXNativeTarget section */

/* Begin PBXProject section */
		01F000000000000000000001 /* Project object */ = {
			isa = PBXProject;
			attributes = {
				BuildIndependentTargetsInParallel = 1;
				LastSwiftUpdateCheck = 2650;
				LastUpgradeCheck = 2650;
				TargetAttributes = {
					01E000000000000000000001 = {
						CreatedOnToolsVersion = 26.5;
					};
					01E000000000000000000100 = {
						CreatedOnToolsVersion = 26.5;
						TestTargetID = 01E000000000000000000001;
					};
				};
			};
			buildConfigurationList = 01I000000000000000000001 /* Build configuration list for PBXProject "ClipShot" */;
			compatibilityVersion = "Xcode 14.0";
			developmentRegion = en;
			hasScannedForEncodings = 0;
			knownRegions = (
				en,
				Base,
			);
			mainGroup = 01D000000000000000000001;
			productRefGroup = 01D000000000000000000002 /* Products */;
			projectDirPath = "";
			projectRoot = "";
			targets = (
				01E000000000000000000001 /* ClipShot */,
				01E000000000000000000100 /* ClipShotTests */,
			);
		};
/* End PBXProject section */

/* Begin PBXResourcesBuildPhase section */
		01H000000000000000000001 /* Resources */ = {
			isa = PBXResourcesBuildPhase;
			buildActionMask = 2147483647;
			files = (
				01A000000000000000000501 /* AppIcon.icon in Resources */,
				01A000000000000000000502 /* MenuBarIcon.png in Resources */,
				01A000000000000000000503 /* MenuBarIcon@2x.png in Resources */,
				CA7A10096000000000000104 /* Wallpapers in Resources */,
			);
			runOnlyForDeploymentPostprocessing = 0;
		};
/* End PBXResourcesBuildPhase section */

/* Begin PBXSourcesBuildPhase section */
		01G000000000000000000001 /* Sources */ = {
			isa = PBXSourcesBuildPhase;
			buildActionMask = 2147483647;
			files = (
				01A000000000000000000001 /* ClipShotApp.swift in Sources */,
				01A000000000000000000002 /* AppDelegate.swift in Sources */,
				01A000000000000000000003 /* AppState.swift in Sources */,
				01A000000000000000000006 /* CaptureCoordinator.swift in Sources */,
				01A00000000000000000000C /* MenuContentView.swift in Sources */,
				01A000000000000000000011 /* CaptureModels.swift in Sources */,
				01A000000000000000000601 /* RecentsStore.swift in Sources */,
				01A000000000000000000400 /* NativeCaptureRegionOverlay.swift in Sources */,
				01A000000000000000000401 /* NativeScreenCapturer.swift in Sources */,
				01A000000000000000000402 /* NativeCaptureShortcut.swift in Sources */,
				01A000000000000000000012 /* EditorWindowController.swift in Sources */,
				01A000000000000000000013 /* EditorView.swift in Sources */,
				01A000000000000000000500 /* HomeView.swift in Sources */,
				01A000000000000000000214 /* Theme.swift in Sources */,
				01A000000000000000000201 /* EditorDocument.swift in Sources */,
				01A000000000000000000202 /* PaddingConfig.swift in Sources */,
				01A000000000000000000203 /* BackgroundStyle.swift in Sources */,
				01A000000000000000000204 /* Annotation.swift in Sources */,
				01A000000000000000000217 /* AnnotationGeometry.swift in Sources */,
				01A000000000000000000205 /* EditorCommand.swift in Sources */,
				01A000000000000000000206 /* UndoStack.swift in Sources */,
				01A000000000000000000207 /* EditorState.swift in Sources */,
				01A000000000000000000208 /* DocumentRenderer.swift in Sources */,
				01A000000000000000000250 /* ConcentricCardMask.swift in Sources */,
				01A000000000000000000209 /* CanvasContentView.swift in Sources */,
				01A00000000000000000020A /* CanvasOverlayView.swift in Sources */,
				01A00000000000000000020B /* CanvasScrollView.swift in Sources */,
				01A00000000000000000020C /* CanvasCoordinator.swift in Sources */,
				01A00000000000000000020D /* CanvasView.swift in Sources */,
				01A000000000000000000223 /* CanvasZoomController.swift in Sources */,
				01A000000000000000000224 /* ZoomControlsView.swift in Sources */,
				01A000000000000000000216 /* CanvasGeometry.swift in Sources */,
				01A00000000000000000021B /* CanvasInteractionView.swift in Sources */,
				01A00000000000000000021C /* CanvasTextEditor.swift in Sources */,
				01A00000000000000000020F /* ToolSidebarView.swift in Sources */,
				01A000000000000000000215 /* TopToolBarView.swift in Sources */,
				01A000000000000000000320 /* KeyBinding.swift in Sources */,
				01A000000000000000000321 /* ShortcutCommand.swift in Sources */,
				01A000000000000000000322 /* ShortcutStore.swift in Sources */,
				01A000000000000000000323 /* ShortcutDispatcher.swift in Sources */,
				01A000000000000000000326 /* ShortcutRecordingGate.swift in Sources */,
				01A000000000000000000324 /* SettingsWindowController.swift in Sources */,
				01A000000000000000000325 /* SettingsView.swift in Sources */,
				01A000000000000000000327 /* GeneralSettingsStore.swift in Sources */,
				01A000000000000000000221 /* ToolPaletteView.swift in Sources */,
				01A000000000000000000222 /* ComponentListView.swift in Sources */,
				01A000000000000000000210 /* SetPaddingCommand.swift in Sources */,
				01A000000000000000000299 /* SetCardCornerCommand.swift in Sources */,
				01A000000000000000000211 /* SetBackgroundCommand.swift in Sources */,
				01A000000000000000000218 /* AddAnnotationCommand.swift in Sources */,
				01A000000000000000000219 /* RemoveAnnotationCommand.swift in Sources */,
				01A00000000000000000021A /* MoveAnnotationCommand.swift in Sources */,
				01A000000000000000000212 /* PaddingToolView.swift in Sources */,
				01A000000000000000000213 /* BackgroundToolView.swift in Sources */,
				01A00000000000000000021D /* SelectToolView.swift in Sources */,
				01A00000000000000000021E /* ArrowToolView.swift in Sources */,
				01A0000000000000000002F1 /* LineToolView.swift in Sources */,
				01A00000000000000000021F /* RectangleToolView.swift in Sources */,
				01A000000000000000000220 /* TextToolView.swift in Sources */,
				D941DE371CF3851E414EB2D6 /* MeshSpec.swift in Sources */,
				1BA944B9B0F0C1F9C43EF01B /* MeshGradientGenerator.swift in Sources */,
				0AED9E000100000000000001 /* EdgePaletteSampler.swift in Sources */,
				876F3B6F8742365424087997 /* DynamicMeshCache.swift in Sources */,
				775F677B581250353BE09E0E /* ContentBoundsDetector.swift in Sources */,
				CA7A10096000000000000101 /* WallpaperCatalog.swift in Sources */,
				CA7A10096000000000000102 /* WallpaperImageCache.swift in Sources */,
			);
			runOnlyForDeploymentPostprocessing = 0;
		};
		01G000000000000000000100 /* Sources */ = {
			isa = PBXSourcesBuildPhase;
			buildActionMask = 2147483647;
			files = (
				01A000000000000000000101 /* PixelBuffer.swift in Sources */,
				01A000000000000000000102 /* SanityTest.swift in Sources */,
				01A000000000000000000301 /* EditorDocumentTests.swift in Sources */,
				01A000000000000000000302 /* UndoStackTests.swift in Sources */,
				01A000000000000000000303 /* FixtureDocument.swift in Sources */,
				01A000000000000000000304 /* DocumentRendererTests.swift in Sources */,
				01A000000000000000000305 /* CommandTests.swift in Sources */,
				01A000000000000000000306 /* SidebarModelTests.swift in Sources */,
				01A000000000000000000307 /* AnnotationGeometryTests.swift in Sources */,
				01A000000000000000000308 /* CoordinateConversionTests.swift in Sources */,
				01A000000000000000000309 /* AnnotationCommandTests.swift in Sources */,
				01A00000000000000000030A /* AnnotationStateTests.swift in Sources */,
				01A00000000000000000030B /* ZoomMathTests.swift in Sources */,
				01A00000000000000000030C /* NativeWindowMatcherTests.swift in Sources */,
				01A000000000000000000310 /* RecentsStoreTests.swift in Sources */,
				01A000000000000000000331 /* ShortcutTests.swift in Sources */,
				01A000000000000000000332 /* GeneralSettingsStoreTests.swift in Sources */,
				C4803FCDD1EF6B9F8142D09E /* MeshSpecTests.swift in Sources */,
				A4A1E0ED3BFA78B1BF42D926 /* MeshGradientGeneratorTests.swift in Sources */,
				97FCDDE7D93682B011548524 /* DynamicMeshCacheTests.swift in Sources */,
				4AE6726D86D36938DDD57DF4 /* ContentBoundsDetectorTests.swift in Sources */,
				CA7A10096000000000000103 /* WallpaperTests.swift in Sources */,
			);
			runOnlyForDeploymentPostprocessing = 0;
		};
/* End PBXSourcesBuildPhase section */

/* Begin PBXTargetDependency section */
		01K000000000000000000100 /* PBXTargetDependency */ = {
			isa = PBXTargetDependency;
			target = 01E000000000000000000001 /* ClipShot */;
			targetProxy = 01L000000000000000000100 /* PBXContainerItemProxy */;
		};
/* End PBXTargetDependency section */

/* Begin XCBuildConfiguration section */
		01J000000000000000000001 /* Debug */ = {
			isa = XCBuildConfiguration;
			buildSettings = {
				ALWAYS_SEARCH_USER_PATHS = NO;
				CLANG_ANALYZER_NONNULL = YES;
				CLANG_ANALYZER_NUMBER_OBJECT_CONVERSION = YES_AGGRESSIVE;
				CLANG_CXX_LANGUAGE_STANDARD = "gnu++20";
				CLANG_ENABLE_MODULES = YES;
				CLANG_ENABLE_OBJC_ARC = YES;
				CLANG_ENABLE_OBJC_WEAK = YES;
				CLANG_WARN_BLOCK_CAPTURE_AUTORELEASING = YES;
				CLANG_WARN_BOOL_CONVERSION = YES;
				CLANG_WARN_COMMA = YES;
				CLANG_WARN_CONSTANT_CONVERSION = YES;
				CLANG_WARN_DEPRECATED_OBJC_IMPLEMENTATIONS = YES;
				CLANG_WARN_DIRECT_OBJC_ISA_USAGE = YES_ERROR;
				CLANG_WARN_DOCUMENTATION_COMMENTS = YES;
				CLANG_WARN_EMPTY_BODY = YES;
				CLANG_WARN_ENUM_CONVERSION = YES;
				CLANG_WARN_INFINITE_RECURSION = YES;
				CLANG_WARN_INT_CONVERSION = YES;
				CLANG_WARN_NON_LITERAL_NULL_CONVERSION = YES;
				CLANG_WARN_OBJC_IMPLICIT_RETAIN_SELF = YES;
				CLANG_WARN_OBJC_LITERAL_CONVERSION = YES;
				CLANG_WARN_OBJC_ROOT_CLASS = YES_ERROR;
				CLANG_WARN_QUOTED_INCLUDE_IN_FRAMEWORK_HEADER = YES;
				CLANG_WARN_RANGE_LOOP_ANALYSIS = YES;
				CLANG_WARN_STRICT_PROTOTYPES = YES;
				CLANG_WARN_SUSPICIOUS_MOVE = YES;
				CLANG_WARN_UNGUARDED_AVAILABILITY = YES_AGGRESSIVE;
				CLANG_WARN_UNREACHABLE_CODE = YES;
				CLANG_WARN__DUPLICATE_METHOD_MATCH = YES;
				COPY_PHASE_STRIP = NO;
				DEBUG_INFORMATION_FORMAT = dwarf;
				ENABLE_STRICT_OBJC_MSGSEND = YES;
				ENABLE_TESTABILITY = YES;
				ENABLE_USER_SCRIPT_SANDBOXING = YES;
				GCC_C_LANGUAGE_STANDARD = gnu17;
				GCC_DYNAMIC_NO_PIC = NO;
				GCC_NO_COMMON_BLOCKS = YES;
				GCC_OPTIMIZATION_LEVEL = 0;
				GCC_PREPROCESSOR_DEFINITIONS = (
					"DEBUG=1",
					"$(inherited)",
				);
				GCC_WARN_64_TO_32_BIT_CONVERSION = YES;
				GCC_WARN_ABOUT_RETURN_TYPE = YES_ERROR;
				GCC_WARN_UNDECLARED_SELECTOR = YES;
				GCC_WARN_UNINITIALIZED_AUTOS = YES_AGGRESSIVE;
				GCC_WARN_UNUSED_FUNCTION = YES;
				GCC_WARN_UNUSED_VARIABLE = YES;
				MACOSX_DEPLOYMENT_TARGET = 14.0;
				MTL_ENABLE_DEBUG_INFO = INCLUDE_SOURCE;
				MTL_FAST_MATH = YES;
				ONLY_ACTIVE_ARCH = YES;
				SDKROOT = macosx;
				SWIFT_ACTIVE_COMPILATION_CONDITIONS = "DEBUG $(inherited)";
				SWIFT_OPTIMIZATION_LEVEL = "-Onone";
			};
			name = Debug;
		};
		01J000000000000000000002 /* Release */ = {
			isa = XCBuildConfiguration;
			buildSettings = {
				ALWAYS_SEARCH_USER_PATHS = NO;
				CLANG_ANALYZER_NONNULL = YES;
				CLANG_ANALYZER_NUMBER_OBJECT_CONVERSION = YES_AGGRESSIVE;
				CLANG_CXX_LANGUAGE_STANDARD = "gnu++20";
				CLANG_ENABLE_MODULES = YES;
				CLANG_ENABLE_OBJC_ARC = YES;
				CLANG_ENABLE_OBJC_WEAK = YES;
				CLANG_WARN_BLOCK_CAPTURE_AUTORELEASING = YES;
				CLANG_WARN_BOOL_CONVERSION = YES;
				CLANG_WARN_COMMA = YES;
				CLANG_WARN_CONSTANT_CONVERSION = YES;
				CLANG_WARN_DEPRECATED_OBJC_IMPLEMENTATIONS = YES;
				CLANG_WARN_DIRECT_OBJC_ISA_USAGE = YES_ERROR;
				CLANG_WARN_DOCUMENTATION_COMMENTS = YES;
				CLANG_WARN_EMPTY_BODY = YES;
				CLANG_WARN_ENUM_CONVERSION = YES;
				CLANG_WARN_INFINITE_RECURSION = YES;
				CLANG_WARN_INT_CONVERSION = YES;
				CLANG_WARN_NON_LITERAL_NULL_CONVERSION = YES;
				CLANG_WARN_OBJC_IMPLICIT_RETAIN_SELF = YES;
				CLANG_WARN_OBJC_LITERAL_CONVERSION = YES;
				CLANG_WARN_OBJC_ROOT_CLASS = YES_ERROR;
				CLANG_WARN_QUOTED_INCLUDE_IN_FRAMEWORK_HEADER = YES;
				CLANG_WARN_RANGE_LOOP_ANALYSIS = YES;
				CLANG_WARN_STRICT_PROTOTYPES = YES;
				CLANG_WARN_SUSPICIOUS_MOVE = YES;
				CLANG_WARN_UNGUARDED_AVAILABILITY = YES_AGGRESSIVE;
				CLANG_WARN_UNREACHABLE_CODE = YES;
				CLANG_WARN__DUPLICATE_METHOD_MATCH = YES;
				COPY_PHASE_STRIP = NO;
				DEBUG_INFORMATION_FORMAT = "dwarf-with-dsym";
				ENABLE_NS_ASSERTIONS = NO;
				ENABLE_STRICT_OBJC_MSGSEND = YES;
				ENABLE_USER_SCRIPT_SANDBOXING = YES;
				GCC_C_LANGUAGE_STANDARD = gnu17;
				GCC_NO_COMMON_BLOCKS = YES;
				GCC_WARN_64_TO_32_BIT_CONVERSION = YES;
				GCC_WARN_ABOUT_RETURN_TYPE = YES_ERROR;
				GCC_WARN_UNDECLARED_SELECTOR = YES;
				GCC_WARN_UNINITIALIZED_AUTOS = YES_AGGRESSIVE;
				GCC_WARN_UNUSED_FUNCTION = YES;
				GCC_WARN_UNUSED_VARIABLE = YES;
				MACOSX_DEPLOYMENT_TARGET = 14.0;
				MTL_ENABLE_DEBUG_INFO = NO;
				MTL_FAST_MATH = YES;
				SDKROOT = macosx;
				SWIFT_COMPILATION_MODE = wholemodule;
				SWIFT_OPTIMIZATION_LEVEL = "-O";
			};
			name = Release;
		};
		01J000000000000000000003 /* Debug */ = {
			isa = XCBuildConfiguration;
			buildSettings = {
				ASSETCATALOG_COMPILER_APPICON_NAME = AppIcon;
				CODE_SIGN_IDENTITY = "-";
				CODE_SIGN_STYLE = Manual;
				COMBINE_HIDPI_IMAGES = YES;
				CURRENT_PROJECT_VERSION = 1;
				DEVELOPMENT_TEAM = "";
				ENABLE_HARDENED_RUNTIME = NO;
				GENERATE_INFOPLIST_FILE = NO;
				INFOPLIST_FILE = ClipShot/Info.plist;
				LD_RUNPATH_SEARCH_PATHS = (
					"$(inherited)",
					"@executable_path/../Frameworks",
				);
				MARKETING_VERSION = 0.1.0;
				PRODUCT_BUNDLE_IDENTIFIER = com.ishu.ClipShot;
				PRODUCT_NAME = "$(TARGET_NAME)";
				SWIFT_VERSION = 6.0;
			};
			name = Debug;
		};
		01J000000000000000000004 /* Release */ = {
			isa = XCBuildConfiguration;
			buildSettings = {
				ASSETCATALOG_COMPILER_APPICON_NAME = AppIcon;
				CODE_SIGN_IDENTITY = "-";
				CODE_SIGN_STYLE = Manual;
				COMBINE_HIDPI_IMAGES = YES;
				CURRENT_PROJECT_VERSION = 1;
				DEVELOPMENT_TEAM = "";
				ENABLE_HARDENED_RUNTIME = NO;
				GENERATE_INFOPLIST_FILE = NO;
				INFOPLIST_FILE = ClipShot/Info.plist;
				LD_RUNPATH_SEARCH_PATHS = (
					"$(inherited)",
					"@executable_path/../Frameworks",
				);
				MARKETING_VERSION = 0.1.0;
				PRODUCT_BUNDLE_IDENTIFIER = com.ishu.ClipShot;
				PRODUCT_NAME = "$(TARGET_NAME)";
				SWIFT_VERSION = 6.0;
			};
			name = Release;
		};
		01J000000000000000000100 /* Debug */ = {
			isa = XCBuildConfiguration;
			buildSettings = {
				BUNDLE_LOADER = "$(TEST_HOST)";
				CODE_SIGN_IDENTITY = "-";
				CODE_SIGN_STYLE = Manual;
				DEVELOPMENT_TEAM = "";
				GENERATE_INFOPLIST_FILE = YES;
				MACOSX_DEPLOYMENT_TARGET = 14.0;
				PRODUCT_BUNDLE_IDENTIFIER = com.ishu.ClipShotTests;
				PRODUCT_NAME = "$(TARGET_NAME)";
				SDKROOT = macosx;
				SWIFT_VERSION = 6.0;
				TEST_HOST = "$(BUILT_PRODUCTS_DIR)/ClipShot.app/Contents/MacOS/ClipShot";
			};
			name = Debug;
		};
		01J000000000000000000101 /* Release */ = {
			isa = XCBuildConfiguration;
			buildSettings = {
				BUNDLE_LOADER = "$(TEST_HOST)";
				CODE_SIGN_IDENTITY = "-";
				CODE_SIGN_STYLE = Manual;
				DEVELOPMENT_TEAM = "";
				GENERATE_INFOPLIST_FILE = YES;
				MACOSX_DEPLOYMENT_TARGET = 14.0;
				PRODUCT_BUNDLE_IDENTIFIER = com.ishu.ClipShotTests;
				PRODUCT_NAME = "$(TARGET_NAME)";
				SDKROOT = macosx;
				SWIFT_VERSION = 6.0;
				TEST_HOST = "$(BUILT_PRODUCTS_DIR)/ClipShot.app/Contents/MacOS/ClipShot";
			};
			name = Release;
		};
/* End XCBuildConfiguration section */

/* Begin XCConfigurationList section */
		01I000000000000000000001 /* Build configuration list for PBXProject "ClipShot" */ = {
			isa = XCConfigurationList;
			buildConfigurations = (
				01J000000000000000000001 /* Debug */,
				01J000000000000000000002 /* Release */,
			);
			defaultConfigurationIsVisible = 0;
			defaultConfigurationName = Release;
		};
		01I000000000000000000002 /* Build configuration list for PBXNativeTarget "ClipShot" */ = {
			isa = XCConfigurationList;
			buildConfigurations = (
				01J000000000000000000003 /* Debug */,
				01J000000000000000000004 /* Release */,
			);
			defaultConfigurationIsVisible = 0;
			defaultConfigurationName = Release;
		};
		01I000000000000000000100 /* Build configuration list for PBXNativeTarget "ClipShotTests" */ = {
			isa = XCConfigurationList;
			buildConfigurations = (
				01J000000000000000000100 /* Debug */,
				01J000000000000000000101 /* Release */,
			);
			defaultConfigurationIsVisible = 0;
			defaultConfigurationName = Release;
		};
/* End XCConfigurationList section */
	};
	rootObject = 01F000000000000000000001 /* Project object */;
}
